// !$*UTF8*$!
{
	archiveVersion = 1;
	classes = {
	};
	objectVersion = 46;
	objects = {

/* Begin PBXBuildFile section */
		2B3FB4D61C8ECE6800BE648C /* main.m in Sources */ = {isa = PBXBuildFile; fileRef = 2B3FB4D51C8ECE6800BE648C /* main.m */; };
		2B3FB4D91C8ECE6800BE648C /* AppDelegate.m in Sources */ = {isa = PBXBuildFile; fileRef = 2B3FB4D81C8ECE6800BE648C /* AppDelegate.m */; };
		2B3FB4DC1C8ECE6800BE648C /* ViewController.m in Sources */ = {isa = PBXBuildFile; fileRef = 2B3FB4DB1C8ECE6800BE648C /* ViewController.m */; };
		2B3FB4DF1C8ECE6800BE648C /* Main.storyboard in Resources */ = {isa = PBXBuildFile; fileRef = 2B3FB4DD1C8ECE6800BE648C /* Main.storyboard */; };
		2B3FB4E21C8ECE6800BE648C /* _6_03_08__________.xcdatamodeld in Sources */ = {isa = PBXBuildFile; fileRef = 2B3FB4E01C8ECE6800BE648C /* _6_03_08__________.xcdatamodeld */; };
		2B3FB4E41C8ECE6800BE648C /* Assets.xcassets in Resources */ = {isa = PBXBuildFile; fileRef = 2B3FB4E31C8ECE6800BE648C /* Assets.xcassets */; };
		2B3FB4E71C8ECE6800BE648C /* LaunchScreen.storyboard in Resources */ = {isa = PBXBuildFile; fileRef = 2B3FB4E51C8ECE6800BE648C /* LaunchScreen.storyboard */; };
		2B3FB4F21C8ECE6800BE648C /* _6_03_08__________Tests.m in Sources */ = {isa = PBXBuildFile; fileRef = 2B3FB4F11C8ECE6800BE648C /* _6_03_08__________Tests.m */; };
		2B3FB4FD1C8ECE6800BE648C /* _6_03_08__________UITests.m in Sources */ = {isa = PBXBuildFile; fileRef = 2B3FB4FC1C8ECE6800BE648C /* _6_03_08__________UITests.m */; };
		2B3FB50C1C8ECEF400BE648C /* CZCustomView.m in Sources */ = {isa = PBXBuildFile; fileRef = 2B3FB50B1C8ECEF400BE648C /* CZCustomView.m */; };
		2B3FB50F1C8ED41200BE648C /* CircleImageView.m in Sources */ = {isa = PBXBuildFile; fileRef = 2B3FB50E1C8ED41200BE648C /* CircleImageView.m */; };
		2B3FB5121C8EFD1E00BE648C /* CGMutablePathRefUsageView.m in Sources */ = {isa = PBXBuildFile; fileRef = 2B3FB5111C8EFD1E00BE648C /* CGMutablePathRefUsageView.m */; };
/* End PBXBuildFile section */

/* Begin PBXContainerItemProxy section */
		2B3FB4EE1C8ECE6800BE648C /* PBXContainerItemProxy */ = {
			isa = PBXContainerItemProxy;
			containerPortal = 2B3FB4C91C8ECE6800BE648C /* Project object */;
			proxyType = 1;
			remoteGlobalIDString = 2B3FB4D01C8ECE6800BE648C;
			remoteInfo = "16-03-08-(熔炼)-矩阵操作";
		};
		2B3FB4F91C8ECE6800BE648C /* PBXContainerItemProxy */ = {
			isa = PBXContainerItemProxy;
			containerPortal = 2B3FB4C91C8ECE6800BE648C /* Project object */;
			proxyType = 1;
			remoteGlobalIDString = 2B3FB4D01C8ECE6800BE648C;
			remoteInfo = "16-03-08-(熔炼)-矩阵操作";
		};
/* End PBXContainerItemProxy section */

/* Begin PBXFileReference section */
		2B3FB4D11C8ECE6800BE648C /* 16-03-08-(熔炼)-矩阵操作.app */ = {isa = PBXFileReference; explicitFileType = wrapper.application; includeInIndex = 0; path = "16-03-08-(熔炼)-矩阵操作.app"; sourceTree = BUILT_PRODUCTS_DIR; };
		2B3FB4D51C8ECE6800BE648C /* main.m */ = {isa = PBXFileReference; lastKnownFileType = sourcecode.c.objc; path = main.m; sourceTree = "<group>"; };
		2B3FB4D71C8ECE6800BE648C /* AppDelegate.h */ = {isa = PBXFileReference; lastKnownFileType = sourcecode.c.h; path = AppDelegate.h; sourceTree = "<group>"; };
		2B3FB4D81C8ECE6800BE648C /* AppDelegate.m */ = {isa = PBXFileReference; lastKnownFileType = sourcecode.c.objc; path = AppDelegate.m; sourceTree = "<group>"; };
		2B3FB4DA1C8ECE6800BE648C /* ViewController.h */ = {isa = PBXFileReference; lastKnownFileType = sourcecode.c.h; path = ViewController.h; sourceTree = "<group>"; };
		2B3FB4DB1C8ECE6800BE648C /* ViewController.m */ = {isa = PBXFileReference; lastKnownFileType = sourcecode.c.objc; path = ViewController.m; sourceTree = "<group>"; };
		2B3FB4DE1C8ECE6800BE648C /* Base */ = {isa = PBXFileReference; lastKnownFileType = file.storyboard; name = Base; path = Base.lproj/Main.storyboard; sourceTree = "<group>"; };
		2B3FB4E11C8ECE6800BE648C /* _6_03_08__________.xcdatamodel */ = {isa = PBXFileReference; lastKnownFileType = wrapper.xcdatamodel; path = "_6_03_08__________.xcdatamodel"; sourceTree = "<group>"; };
		2B3FB4E31C8ECE6800BE648C /* Assets.xcassets */ = {isa = PBXFileReference; lastKnownFileType = folder.assetcatalog; path = Assets.xcassets; sourceTree = "<group>"; };
		2B3FB4E61C8ECE6800BE648C /* Base */ = {isa = PBXFileReference; lastKnownFileType = file.storyboard; name = Base; path = Base.lproj/LaunchScreen.storyboard; sourceTree = "<group>"; };
		2B3FB4E81C8ECE6800BE648C /* Info.plist */ = {isa = PBXFileReference; lastKnownFileType = text.plist.xml; path = Info.plist; sourceTree = "<group>"; };
		2B3FB4ED1C8ECE6800BE648C /* 16-03-08-(熔炼)-矩阵操作Tests.xctest */ = {isa = PBXFileReference; explicitFileType = wrapper.cfbundle; includeInIndex = 0; path = "16-03-08-(熔炼)-矩阵操作Tests.xctest"; sourceTree = BUILT_PRODUCTS_DIR; };
		2B3FB4F11C8ECE6800BE648C /* _6_03_08__________Tests.m */ = {isa = PBXFileReference; lastKnownFileType = sourcecode.c.objc; path = "_6_03_08__________Tests.m"; sourceTree = "<group>"; };
		2B3FB4F31C8ECE6800BE648C /* Info.plist */ = {isa = PBXFileReference; lastKnownFileType = text.plist.xml; path = Info.plist; sourceTree = "<group>"; };
		2B3FB4F81C8ECE6800BE648C /* 16-03-08-(熔炼)-矩阵操作UITests.xctest */ = {isa = PBXFileReference; explicitFileType = wrapper.cfbundle; includeInIndex = 0; path = "16-03-08-(熔炼)-矩阵操作UITests.xctest"; sourceTree = BUILT_PRODUCTS_DIR; };
		2B3FB4FC1C8ECE6800BE648C /* _6_03_08__________UITests.m */ = {isa = PBXFileReference; lastKnownFileType = sourcecode.c.objc; path = "_6_03_08__________UITests.m"; sourceTree = "<group>"; };
		2B3FB4FE1C8ECE6800BE648C /* Info.plist */ = {isa = PBXFileReference; lastKnownFileType = text.plist.xml; path = Info.plist; sourceTree = "<group>"; };
		2B3FB50A1C8ECEF400BE648C /* CZCustomView.h */ = {isa = PBXFileReference; fileEncoding = 4; lastKnownFileType = sourcecode.c.h; path = CZCustomView.h; sourceTree = "<group>"; };
		2B3FB50B1C8ECEF400BE648C /* CZCustomView.m */ = {isa = PBXFileReference; fileEncoding = 4; lastKnownFileType = sourcecode.c.objc; path = CZCustomView.m; sourceTree = "<group>"; };
		2B3FB50D1C8ED41200BE648C /* CircleImageView.h */ = {isa = PBXFileReference; fileEncoding = 4; lastKnownFileType = sourcecode.c.h; path = CircleImageView.h; sourceTree = "<group>"; };
		2B3FB50E1C8ED41200BE648C /* CircleImageView.m */ = {isa = PBXFileReference; fileEncoding = 4; lastKnownFileType = sourcecode.c.objc; path = CircleImageView.m; sourceTree = "<group>"; };
		2B3FB5101C8EFD1E00BE648C /* CGMutablePathRefUsageView.h */ = {isa = PBXFileReference; fileEncoding = 4; lastKnownFileType = sourcecode.c.h; path = CGMutablePathRefUsageView.h; sourceTree = "<group>"; };
		2B3FB5111C8EFD1E00BE648C /* CGMutablePathRefUsageView.m */ = {isa = PBXFileReference; fileEncoding = 4; lastKnownFileType = sourcecode.c.objc; path = CGMutablePathRefUsageView.m; sourceTree = "<group>"; };
/* End PBXFileReference section */

/* Begin PBXFrameworksBuildPhase section */
		2B3FB4CE1C8ECE6800BE648C /* Frameworks */ = {
			isa = PBXFrameworksBuildPhase;
			buildActionMask = 2147483647;
			files = (
			);
			runOnlyForDeploymentPostprocessing = 0;
		};
		2B3FB4EA1C8ECE6800BE648C /* Frameworks */ = {
			isa = PBXFrameworksBuildPhase;
			buildActionMask = 2147483647;
			files = (
			);
			runOnlyForDeploymentPostprocessing = 0;
		};
		2B3FB4F51C8ECE6800BE648C /* Frameworks */ = {
			isa = PBXFrameworksBuildPhase;
			buildActionMask = 2147483647;
			files = (
			);
			runOnlyForDeploymentPostprocessing = 0;
		};
/* End PBXFrameworksBuildPhase section */

/* Begin PBXGroup section */
		2B3FB4C81C8ECE6800BE648C = {
			isa = PBXGroup;
			children = (
				2B3FB4D31C8ECE6800BE648C /* 16-03-08-(熔炼)-矩阵操作 */,
				2B3FB4F01C8ECE6800BE648C /* 16-03-08-(熔炼)-矩阵操作Tests */,
				2B3FB4FB1C8ECE6800BE648C /* 16-03-08-(熔炼)-矩阵操作UITests */,
				2B3FB4D21C8ECE6800BE648C /* Products */,
			);
			sourceTree = "<group>";
		};
		2B3FB4D21C8ECE6800BE648C /* Products */ = {
			isa = PBXGroup;
			children = (
				2B3FB4D11C8ECE6800BE648C /* 16-03-08-(熔炼)-矩阵操作.app */,
				2B3FB4ED1C8ECE6800BE648C /* 16-03-08-(熔炼)-矩阵操作Tests.xctest */,
				2B3FB4F81C8ECE6800BE648C /* 16-03-08-(熔炼)-矩阵操作UITests.xctest */,
			);
			name = Products;
			sourceTree = "<group>";
		};
		2B3FB4D31C8ECE6800BE648C /* 16-03-08-(熔炼)-矩阵操作 */ = {
			isa = PBXGroup;
			children = (
				2B3FB4D71C8ECE6800BE648C /* AppDelegate.h */,
				2B3FB4D81C8ECE6800BE648C /* AppDelegate.m */,
				2B3FB4DA1C8ECE6800BE648C /* ViewController.h */,
				2B3FB4DB1C8ECE6800BE648C /* ViewController.m */,
				2B3FB4DD1C8ECE6800BE648C /* Main.storyboard */,
				2B3FB4E31C8ECE6800BE648C /* Assets.xcassets */,
				2B3FB4E51C8ECE6800BE648C /* LaunchScreen.storyboard */,
				2B3FB4E81C8ECE6800BE648C /* Info.plist */,
				2B3FB4E01C8ECE6800BE648C /* _6_03_08__________.xcdatamodeld */,
				2B3FB4D41C8ECE6800BE648C /* Supporting Files */,
				2B3FB50A1C8ECEF400BE648C /* CZCustomView.h */,
				2B3FB50B1C8ECEF400BE648C /* CZCustomView.m */,
				2B3FB50D1C8ED41200BE648C /* CircleImageView.h */,
				2B3FB50E1C8ED41200BE648C /* CircleImageView.m */,
				2B3FB5101C8EFD1E00BE648C /* CGMutablePathRefUsageView.h */,
				2B3FB5111C8EFD1E00BE648C /* CGMutablePathRefUsageView.m */,
			);
			path = "16-03-08-(熔炼)-矩阵操作";
			sourceTree = "<group>";
		};
		2B3FB4D41C8ECE6800BE648C /* Supporting Files */ = {
			isa = PBXGroup;
			children = (
				2B3FB4D51C8ECE6800BE648C /* main.m */,
			);
			name = "Supporting Files";
			sourceTree = "<group>";
		};
		2B3FB4F01C8ECE6800BE648C /* 16-03-08-(熔炼)-矩阵操作Tests */ = {
			isa = PBXGroup;
			children = (
				2B3FB4F11C8ECE6800BE648C /* _6_03_08__________Tests.m */,
				2B3FB4F31C8ECE6800BE648C /* Info.plist */,
			);
			path = "16-03-08-(熔炼)-矩阵操作Tests";
			sourceTree = "<group>";
		};
		2B3FB4FB1C8ECE6800BE648C /* 16-03-08-(熔炼)-矩阵操作UITests */ = {
			isa = PBXGroup;
			children = (
				2B3FB4FC1C8ECE6800BE648C /* _6_03_08__________UITests.m */,
				2B3FB4FE1C8ECE6800BE648C /* Info.plist */,
			);
			path = "16-03-08-(熔炼)-矩阵操作UITests";
			sourceTree = "<group>";
		};
/* End PBXGroup section */

/* Begin PBXNativeTarget section */
		2B3FB4D01C8ECE6800BE648C /* 16-03-08-(熔炼)-矩阵操作 */ = {
			isa = PBXNativeTarget;
			buildConfigurationList = 2B3FB5011C8ECE6800BE648C /* Build configuration list for PBXNativeTarget "16-03-08-(熔炼)-矩阵操作" */;
			buildPhases = (
				2B3FB4CD1C8ECE6800BE648C /* Sources */,
				2B3FB4CE1C8ECE6800BE648C /* Frameworks */,
				2B3FB4CF1C8ECE6800BE648C /* Resources */,
			);
			buildRules = (
			);
			dependencies = (
			);
			name = "16-03-08-(熔炼)-矩阵操作";
			productName = "16-03-08-(熔炼)-矩阵操作";
			productReference = 2B3FB4D11C8ECE6800BE648C /* 16-03-08-(熔炼)-矩阵操作.app */;
			productType = "com.apple.product-type.application";
		};
		2B3FB4EC1C8ECE6800BE648C /* 16-03-08-(熔炼)-矩阵操作Tests */ = {
			isa = PBXNativeTarget;
			buildConfigurationList = 2B3FB5041C8ECE6800BE648C /* Build configuration list for PBXNativeTarget "16-03-08-(熔炼)-矩阵操作Tests" */;
			buildPhases = (
				2B3FB4E91C8ECE6800BE648C /* Sources */,
				2B3FB4EA1C8ECE6800BE648C /* Frameworks */,
				2B3FB4EB1C8ECE6800BE648C /* Resources */,
			);
			buildRules = (
			);
			dependencies = (
				2B3FB4EF1C8ECE6800BE648C /* PBXTargetDependency */,
			);
			name = "16-03-08-(熔炼)-矩阵操作Tests";
			productName = "16-03-08-(熔炼)-矩阵操作Tests";
			productReference = 2B3FB4ED1C8ECE6800BE648C /* 16-03-08-(熔炼)-矩阵操作Tests.xctest */;
			productType = "com.apple.product-type.bundle.unit-test";
		};
		2B3FB4F71C8ECE6800BE648C /* 16-03-08-(熔炼)-矩阵操作UITests */ = {
			isa = PBXNativeTarget;
			buildConfigurationList = 2B3FB5071C8ECE6800BE648C /* Build configuration list for PBXNativeTarget "16-03-08-(熔炼)-矩阵操作UITests" */;
			buildPhases = (
				2B3FB4F41C8ECE6800BE648C /* Sources */,
				2B3FB4F51C8ECE6800BE648C /* Frameworks */,
				2B3FB4F61C8ECE6800BE648C /* Resources */,
			);
			buildRules = (
			);
			dependencies = (
				2B3FB4FA1C8ECE6800BE648C /* PBXTargetDependency */,
			);
			name = "16-03-08-(熔炼)-矩阵操作UITests";
			productName = "16-03-08-(熔炼)-矩阵操作UITests";
			productReference = 2B3FB4F81C8ECE6800BE648C /* 16-03-08-(熔炼)-矩阵操作UITests.xctest */;
			productType = "com.apple.product-type.bundle.ui-testing";
		};
/* End PBXNativeTarget section */

/* Begin PBXProject section */
		2B3FB4C91C8ECE6800BE648C /* Project object */ = {
			isa = PBXProject;
			attributes = {
				LastUpgradeCheck = 0720;
				ORGANIZATIONNAME = man;
				TargetAttributes = {
					2B3FB4D01C8ECE6800BE648C = {
						CreatedOnToolsVersion = 7.2.1;
					};
					2B3FB4EC1C8ECE6800BE648C = {
						CreatedOnToolsVersion = 7.2.1;
						TestTargetID = 2B3FB4D01C8ECE6800BE648C;
					};
					2B3FB4F71C8ECE6800BE648C = {
						CreatedOnToolsVersion = 7.2.1;
						TestTargetID = 2B3FB4D01C8ECE6800BE648C;
					};
				};
			};
			buildConfigurationList = 2B3FB4CC1C8ECE6800BE648C /* Build configuration list for PBXProject "16-03-08-(熔炼)-矩阵操作" */;
			compatibilityVersion = "Xcode 3.2";
			developmentRegion = English;
			hasScannedForEncodings = 0;
			knownRegions = (
				en,
				Base,
			);
			mainGroup = 2B3FB4C81C8ECE6800BE648C;
			productRefGroup = 2B3FB4D21C8ECE6800BE648C /* Products */;
			projectDirPath = "";
			projectRoot = "";
			targets = (
				2B3FB4D01C8ECE6800BE648C /* 16-03-08-(熔炼)-矩阵操作 */,
				2B3FB4EC1C8ECE6800BE648C /* 16-03-08-(熔炼)-矩阵操作Tests */,
				2B3FB4F71C8ECE6800BE648C /* 16-03-08-(熔炼)-矩阵操作UITests */,
			);
		};
/* End PBXProject section */

/* Begin PBXResourcesBuildPhase section */
		2B3FB4CF1C8ECE6800BE648C /* Resources */ = {
			isa = PBXResourcesBuildPhase;
			buildActionMask = 2147483647;
			files = (
				2B3FB4E71C8ECE6800BE648C /* LaunchScreen.storyboard in Resources */,
				2B3FB4E41C8ECE6800BE648C /* Assets.xcassets in Resources */,
				2B3FB4DF1C8ECE6800BE648C /* Main.storyboard in Resources */,
			);
			runOnlyForDeploymentPostprocessing = 0;
		};
		2B3FB4EB1C8ECE6800BE648C /* Resources */ = {
			isa = PBXResourcesBuildPhase;
			buildActionMask = 2147483647;
			files = (
			);
			runOnlyForDeploymentPostprocessing = 0;
		};
		2B3FB4F61C8ECE6800BE648C /* Resources */ = {
			isa = PBXResourcesBuildPhase;
			buildActionMask = 2147483647;
			files = (
			);
			runOnlyForDeploymentPostprocessing = 0;
		};
/* End PBXResourcesBuildPhase section */

/* Begin PBXSourcesBuildPhase section */
		2B3FB4CD1C8ECE6800BE648C /* Sources */ = {
			isa = PBXSourcesBuildPhase;
			buildActionMask = 2147483647;
			files = (
				2B3FB50C1C8ECEF400BE648C /* CZCustomView.m in Sources */,
				2B3FB4DC1C8ECE6800BE648C /* ViewController.m in Sources */,
				2B3FB50F1C8ED41200BE648C /* CircleImageView.m in Sources */,
				2B3FB4D91C8ECE6800BE648C /* AppDelegate.m in Sources */,
				2B3FB4D61C8ECE6800BE648C /* main.m in Sources */,
				2B3FB5121C8EFD1E00BE648C /* CGMutablePathRefUsageView.m in Sources */,
				2B3FB4E21C8ECE6800BE648C /* _6_03_08__________.xcdatamodeld in Sources */,
			);
			runOnlyForDeploymentPostprocessing = 0;
		};
		2B3FB4E91C8ECE6800BE648C /* Sources */ = {
			isa = PBXSourcesBuildPhase;
			buildActionMask = 2147483647;
			files = (
				2B3FB4F21C8ECE6800BE648C /* _6_03_08__________Tests.m in Sources */,
			);
			runOnlyForDeploymentPostprocessing = 0;
		};
		2B3FB4F41C8ECE6800BE648C /* Sources */ = {
			isa = PBXSourcesBuildPhase;
			buildActionMask = 2147483647;
			files = (
				2B3FB4FD1C8ECE6800BE648C /* _6_03_08__________UITests.m in Sources */,
			);
			runOnlyForDeploymentPostprocessing = 0;
		};
/* End PBXSourcesBuildPhase section */

/* Begin PBXTargetDependency section */
		2B3FB4EF1C8ECE6800BE648C /* PBXTargetDependency */ = {
			isa = PBXTargetDependency;
			target = 2B3FB4D01C8ECE6800BE648C /* 16-03-08-(熔炼)-矩阵操作 */;
			targetProxy = 2B3FB4EE1C8ECE6800BE648C /* PBXContainerItemProxy */;
		};
		2B3FB4FA1C8ECE6800BE648C /* PBXTargetDependency */ = {
			isa = PBXTargetDependency;
			target = 2B3FB4D01C8ECE6800BE648C /* 16-03-08-(熔炼)-矩阵操作 */;
			targetProxy = 2B3FB4F91C8ECE6800BE648C /* PBXContainerItemProxy */;
		};
/* End PBXTargetDependency section */

/* Begin PBXVariantGroup section */
		2B3FB4DD1C8ECE6800BE648C /* Main.storyboard */ = {
			isa = PBXVariantGroup;
			children = (
				2B3FB4DE1C8ECE6800BE648C /* Base */,
			);
			name = Main.storyboard;
			sourceTree = "<group>";
		};
		2B3FB4E51C8ECE6800BE648C /* LaunchScreen.storyboard */ = {
			isa = PBXVariantGroup;
			children = (
				2B3FB4E61C8ECE6800BE648C /* Base */,
			);
			name = LaunchScreen.storyboard;
			sourceTree = "<group>";
		};
/* End PBXVariantGroup section */

/* Begin XCBuildConfiguration section */
		2B3FB4FF1C8ECE6800BE648C /* Debug */ = {
			isa = XCBuildConfiguration;
			buildSettings = {
				ALWAYS_SEARCH_USER_PATHS = NO;
				CLANG_CXX_LANGUAGE_STANDARD = "gnu++0x";
				CLANG_CXX_LIBRARY = "libc++";
				CLANG_ENABLE_MODULES = YES;
				CLANG_ENABLE_OBJC_ARC = YES;
				CLANG_WARN_BOOL_CONVERSION = YES;
				CLANG_WARN_CONSTANT_CONVERSION = YES;
				CLANG_WARN_DIRECT_OBJC_ISA_USAGE = YES_ERROR;
				CLANG_WARN_EMPTY_BODY = YES;
				CLANG_WARN_ENUM_CONVERSION = YES;
				CLANG_WARN_INT_CONVERSION = YES;
				CLANG_WARN_OBJC_ROOT_CLASS = YES_ERROR;
				CLANG_WARN_UNREACHABLE_CODE = YES;
				CLANG_WARN__DUPLICATE_METHOD_MATCH = YES;
				"CODE_SIGN_IDENTITY[sdk=iphoneos*]" = "iPhone Developer";
				COPY_PHASE_STRIP = NO;
				DEBUG_INFORMATION_FORMAT = dwarf;
				ENABLE_STRICT_OBJC_MSGSEND = YES;
				ENABLE_TESTABILITY = YES;
				GCC_C_LANGUAGE_STANDARD = gnu99;
				GCC_DYNAMIC_NO_PIC = NO;
				GCC_NO_COMMON_BLOCKS = YES;
				GCC_OPTIMIZATION_LEVEL = 0;
				GCC_PREPROCESSOR_DEFINITIONS = (
					"DEBUG=1",
					"$(inherited)",
				);
				GCC_WARN_64_TO_32_BIT_CONVERSION = YES;
				GCC_WARN_ABOUT_RETURN_TYPE = YES_ERROR;
				GCC_WARN_UNDECLARED_SELECTOR = YES;
				GCC_WARN_UNINITIALIZED_AUTOS = YES_AGGRESSIVE;
				GCC_WARN_UNUSED_FUNCTION = YES;
				GCC_WARN_UNUSED_VARIABLE = YES;
				IPHONEOS_DEPLOYMENT_TARGET = 9.2;
				MTL_ENABLE_DEBUG_INFO = YES;
				ONLY_ACTIVE_ARCH = YES;
				SDKROOT = iphoneos;
				TARGETED_DEVICE_FAMILY = "1,2";
			};
			name = Debug;
		};
		2B3FB5001C8ECE6800BE648C /* Release */ = {
			isa = XCBuildConfiguration;
			buildSettings = {
				ALWAYS_SEARCH_USER_PATHS = NO;
				CLANG_CXX_LANGUAGE_STANDARD = "gnu++0x";
				CLANG_CXX_LIBRARY = "libc++";
				CLANG_ENABLE_MODULES = YES;
				CLANG_ENABLE_OBJC_ARC = YES;
				CLANG_WARN_BOOL_CONVERSION = YES;
				CLANG_WARN_CONSTANT_CONVERSION = YES;
				CLANG_WARN_DIRECT_OBJC_ISA_USAGE = YES_ERROR;
				CLANG_WARN_EMPTY_BODY = YES;
				CLANG_WARN_ENUM_CONVERSION = YES;
				CLANG_WARN_INT_CONVERSION = YES;
				CLANG_WARN_OBJC_ROOT_CLASS = YES_ERROR;
				CLANG_WARN_UNREACHABLE_CODE = YES;
				CLANG_WARN__DUPLICATE_METHOD_MATCH = YES;
				"CODE_SIGN_IDENTITY[sdk=iphoneos*]" = "iPhone Developer";
				COPY_PHASE_STRIP = NO;
				DEBUG_INFORMATION_FORMAT = "dwarf-with-dsym";
				ENABLE_NS_ASSERTIONS = NO;
				ENABLE_STRICT_OBJC_MSGSEND = YES;
				GCC_C_LANGUAGE_STANDARD = gnu99;
				GCC_NO_COMMON_BLOCKS = YES;
				GCC_WARN_64_TO_32_BIT_CONVERSION = YES;
				GCC_WARN_ABOUT_RETURN_TYPE = YES_ERROR;
				GCC_WARN_UNDECLARED_SELECTOR = YES;
				GCC_WARN_UNINITIALIZED_AUTOS = YES_AGGRESSIVE;
				GCC_WARN_UNUSED_FUNCTION = YES;
				GCC_WARN_UNUSED_VARIABLE = YES;
				IPHONEOS_DEPLOYMENT_TARGET = 9.2;
				MTL_ENABLE_DEBUG_INFO = NO;
				SDKROOT = iphoneos;
				TARGETED_DEVICE_FAMILY = "1,2";
				VALIDATE_PRODUCT = YES;
			};
			name = Release;
		};
		2B3FB5021C8ECE6800BE648C /* Debug */ = {
			isa = XCBuildConfiguration;
			buildSettings = {
				ASSETCATALOG_COMPILER_APPICON_NAME = AppIcon;
				INFOPLIST_FILE = "16-03-08-(熔炼)-矩阵操作/Info.plist";
				LD_RUNPATH_SEARCH_PATHS = "$(inherited) @executable_path/Frameworks";
				PRODUCT_BUNDLE_IDENTIFIER = "com.cdmq.-6-03-08----------";
				PRODUCT_NAME = "$(TARGET_NAME)";
			};
			name = Debug;
		};
		2B3FB5031C8ECE6800BE648C /* Release */ = {
			isa = XCBuildConfiguration;
			buildSettings = {
				ASSETCATALOG_COMPILER_APPICON_NAME = AppIcon;
				INFOPLIST_FILE = "16-03-08-(熔炼)-矩阵操作/Info.plist";
				LD_RUNPATH_SEARCH_PATHS = "$(inherited) @executable_path/Frameworks";
				PRODUCT_BUNDLE_IDENTIFIER = "com.cdmq.-6-03-08----------";
				PRODUCT_NAME = "$(TARGET_NAME)";
			};
			name = Release;
		};
		2B3FB5051C8ECE6800BE648C /* Debug */ = {
			isa = XCBuildConfiguration;
			buildSettings = {
				BUNDLE_LOADER = "$(TEST_HOST)";
				INFOPLIST_FILE = "16-03-08-(熔炼)-矩阵操作Tests/Info.plist";
				LD_RUNPATH_SEARCH_PATHS = "$(inherited) @executable_path/Frameworks @loader_path/Frameworks";
				PRODUCT_BUNDLE_IDENTIFIER = "com.cdmq.-6-03-08----------Tests";
				PRODUCT_NAME = "$(TARGET_NAME)";
				TEST_HOST = "$(BUILT_PRODUCTS_DIR)/16-03-08-(熔炼)-矩阵操作.app/16-03-08-(熔炼)-矩阵操作";
			};
			name = Debug;
		};
		2B3FB5061C8ECE6800BE648C /* Release */ = {
			isa = XCBuildConfiguration;
			buildSettings = {
				BUNDLE_LOADER = "$(TEST_HOST)";
				INFOPLIST_FILE = "16-03-08-(熔炼)-矩阵操作Tests/Info.plist";
				LD_RUNPATH_SEARCH_PATHS = "$(inherited) @executable_path/Frameworks @loader_path/Frameworks";
				PRODUCT_BUNDLE_IDENTIFIER = "com.cdmq.-6-03-08----------Tests";
				PRODUCT_NAME = "$(TARGET_NAME)";
				TEST_HOST = "$(BUILT_PRODUCTS_DIR)/16-03-08-(熔炼)-矩阵操作.app/16-03-08-(熔炼)-矩阵操作";
			};
			name = Release;
		};
		2B3FB5081C8ECE6800BE648C /* Debug */ = {
			isa = XCBuildConfiguration;
			buildSettings = {
				INFOPLIST_FILE = "16-03-08-(熔炼)-矩阵操作UITests/Info.plist";
				LD_RUNPATH_SEARCH_PATHS = "$(inherited) @executable_path/Frameworks @loader_path/Frameworks";
				PRODUCT_BUNDLE_IDENTIFIER = "com.cdmq.-6-03-08----------UITests";
				PRODUCT_NAME = "$(TARGET_NAME)";
				TEST_TARGET_NAME = "16-03-08-(熔炼)-矩阵操作";
				USES_XCTRUNNER = YES;
			};
			name = Debug;
		};
		2B3FB5091C8ECE6800BE648C /* Release */ = {
			isa = XCBuildConfiguration;
			buildSettings = {
				INFOPLIST_FILE = "16-03-08-(熔炼)-矩阵操作UITests/Info.plist";
				LD_RUNPATH_SEARCH_PATHS = "$(inherited) @executable_path/Frameworks @loader_path/Frameworks";
				PRODUCT_BUNDLE_IDENTIFIER = "com.cdmq.-6-03-08----------UITests";
				PRODUCT_NAME = "$(TARGET_NAME)";
				TEST_TARGET_NAME = "16-03-08-(熔炼)-矩阵操作";
				USES_XCTRUNNER = YES;
			};
			name = Release;
		};
/* End XCBuildConfiguration section */

/* Begin XCConfigurationList section */
		2B3FB4CC1C8ECE6800BE648C /* Build configuration list for PBXProject "16-03-08-(熔炼)-矩阵操作" */ = {
			isa = XCConfigurationList;
			buildConfigurations = (
				2B3FB4FF1C8ECE6800BE648C /* Debug */,
				2B3FB5001C8ECE6800BE648C /* Release */,
			);
			defaultConfigurationIsVisible = 0;
			defaultConfigurationName = Release;
		};
		2B3FB5011C8ECE6800BE648C /* Build configuration list for PBXNativeTarget "16-03-08-(熔炼)-矩阵操作" */ = {
			isa = XCConfigurationList;
			buildConfigurations = (
				2B3FB5021C8ECE6800BE648C /* Debug */,
				2B3FB5031C8ECE6800BE648C /* Release */,
			);
			defaultConfigurationIsVisible = 0;
		};
		2B3FB5041C8ECE6800BE648C /* Build configuration list for PBXNativeTarget "16-03-08-(熔炼)-矩阵操作Tests" */ = {
			isa = XCConfigurationList;
			buildConfigurations = (
				2B3FB5051C8ECE6800BE648C /* Debug */,
				2B3FB5061C8ECE6800BE648C /* Release */,
			);
			defaultConfigurationIsVisible = 0;
		};
		2B3FB5071C8ECE6800BE648C /* Build configuration list for PBXNativeTarget "16-03-08-(熔炼)-矩阵操作UITests" */ = {
			isa = XCConfigurationList;
			buildConfigurations = (
				2B3FB5081C8ECE6800BE648C /* Debug */,
				2B3FB5091C8ECE6800BE648C /* Release */,
			);
			defaultConfigurationIsVisible = 0;
		};
/* End XCConfigurationList section */

/* Begin XCVersionGroup section */
		2B3FB4E01C8ECE6800BE648C /* _6_03_08__________.xcdatamodeld */ = {
			isa = XCVersionGroup;
			children = (
				2B3FB4E11C8ECE6800BE648C /* _6_03_08__________.xcdatamodel */,
			);
			currentVersion = 2B3FB4E11C8ECE6800BE648C /* _6_03_08__________.xcdatamodel */;
			path = "_6_03_08__________.xcdatamodeld";
			sourceTree = "<group>";
			versionGroupType = wrapper.xcdatamodel;
		};
/* End XCVersionGroup section */
	};
	rootObject = 2B3FB4C91C8ECE6800BE648C /* Project object */;
}
