<?xml version="1.0" encoding="UTF-8"?>
<Scheme
   LastUpgradeVersion = "0720"
   version = "1.3">
   <BuildAction
      parallelizeBuildables = "YES"
      buildImplicitDependencies = "YES">
      <BuildActionEntries>
         <BuildActionEntry
            buildForTesting = "YES"
            buildForRunning = "YES"
            buildForProfiling = "YES"
            buildForArchiving = "YES"
            buildForAnalyzing = "YES">
            <BuildableReference
               BuildableIdentifier = "primary"
               BlueprintIdentifier = "2B7F29621C8343B20088ECFD"
               BuildableName = "16-02-28-(&#x6dec;&#x706b;)-NSCoding.app"
               BlueprintName = "16-02-28-(&#x6dec;&#x706b;)-NSCoding"
               ReferencedContainer = "container:16-02-28-(&#x6dec;&#x706b;)-NSCoding.xcodeproj">
            </BuildableReference>
         </BuildActionEntry>
      </BuildActionEntries>
   </BuildAction>
   <TestAction
      buildConfiguration = "Debug"
      selectedDebuggerIdentifier = "Xcode.DebuggerFoundation.Debugger.LLDB"
      selectedLauncherIdentifier = "Xcode.DebuggerFoundation.Launcher.LLDB"
      shouldUseLaunchSchemeArgsEnv = "YES">
      <Testables>
         <TestableReference
            skipped = "NO">
            <BuildableReference
               BuildableIdentifier = "primary"
               BlueprintIdentifier = "2B7F297E1C8343B20088ECFD"
               BuildableName = "16-02-28-(&#x6dec;&#x706b;)-NSCodingTests.xctest"
               BlueprintName = "16-02-28-(&#x6dec;&#x706b;)-NSCodingTests"
               ReferencedContainer = "container:16-02-28-(&#x6dec;&#x706b;)-NSCoding.xcodeproj">
            </BuildableReference>
         </TestableReference>
         <TestableReference
            skipped = "NO">
            <BuildableReference
               BuildableIdentifier = "primary"
               BlueprintIdentifier = "2B7F29891C8343B20088ECFD"
               BuildableName = "16-02-28-(&#x6dec;&#x706b;)-NSCodingUITests.xctest"
               BlueprintName = "16-02-28-(&#x6dec;&#x706b;)-NSCodingUITests"
               ReferencedContainer = "container:16-02-28-(&#x6dec;&#x706b;)-NSCoding.xcodeproj">
            </BuildableReference>
         </TestableReference>
      </Testables>
      <MacroExpansion>
         <BuildableReference
            BuildableIdentifier = "primary"
            BlueprintIdentifier = "2B7F29621C8343B20088ECFD"
            BuildableName = "16-02-28-(&#x6dec;&#x706b;)-NSCoding.app"
            BlueprintName = "16-02-28-(&#x6dec;&#x706b;)-NSCoding"
            ReferencedContainer = "container:16-02-28-(&#x6dec;&#x706b;)-NSCoding.xcodeproj">
         </BuildableReference>
      </MacroExpansion>
      <AdditionalOptions>
      </AdditionalOptions>
   </TestAction>
   <LaunchAction
      buildConfiguration = "Debug"
      selectedDebuggerIdentifier = "Xcode.DebuggerFoundation.Debugger.LLDB"
      selectedLauncherIdentifier = "Xcode.DebuggerFoundation.Launcher.LLDB"
      launchStyle = "0"
      useCustomWorkingDirectory = "NO"
      ignoresPersistentStateOnLaunch = "NO"
      debugDocumentVersioning = "YES"
      debugServiceExtension = "internal"
      allowLocationSimulation = "YES">
      <BuildableProductRunnable
         runnableDebuggingMode = "0">
         <BuildableReference
            BuildableIdentifier = "primary"
            BlueprintIdentifier = "2B7F29621C8343B20088ECFD"
            BuildableName = "16-02-28-(&#x6dec;&#x706b;)-NSCoding.app"
            BlueprintName = "16-02-28-(&#x6dec;&#x706b;)-NSCoding"
            ReferencedContainer = "container:16-02-28-(&#x6dec;&#x706b;)-NSCoding.xcodeproj">
         </BuildableReference>
      </BuildableProductRunnable>
      <AdditionalOptions>
      </AdditionalOptions>
   </LaunchAction>
   <ProfileAction
      buildConfiguration = "Release"
      shouldUseLaunchSchemeArgsEnv = "YES"
      savedToolIdentifier = ""
      useCustomWorkingDirectory = "NO"
      debugDocumentVersioning = "YES">
      <BuildableProductRunnable
         runnableDebuggingMode = "0">
         <BuildableReference
            BuildableIdentifier = "primary"
            BlueprintIdentifier = "2B7F29621C8343B20088ECFD"
            BuildableName = "16-02-28-(&#x6dec;&#x706b;)-NSCoding.app"
            BlueprintName = "16-02-28-(&#x6dec;&#x706b;)-NSCoding"
            ReferencedContainer = "container:16-02-28-(&#x6dec;&#x706b;)-NSCoding.xcodeproj">
         </BuildableReference>
      </BuildableProductRunnable>
   </ProfileAction>
   <AnalyzeAction
      buildConfiguration = "Debug">
   </AnalyzeAction>
   <ArchiveAction
      buildConfiguration = "Release"
      revealArchiveInOrganizer = "YES">
   </ArchiveAction>
</Scheme>
