// !$*UTF8*$!
{
	archiveVersion = 1;
	classes = {
	};
	objectVersion = 46;
	objects = {

/* Begin PBXBuildFile section */
		2BB6C1491C796CCE001695D3 /* main.m in Sources */ = {isa = PBXBuildFile; fileRef = 2BB6C1481C796CCE001695D3 /* main.m */; };
		2BB6C14C1C796CCE001695D3 /* AppDelegate.m in Sources */ = {isa = PBXBuildFile; fileRef = 2BB6C14B1C796CCE001695D3 /* AppDelegate.m */; };
		2BB6C14F1C796CCE001695D3 /* ViewController.m in Sources */ = {isa = PBXBuildFile; fileRef = 2BB6C14E1C796CCE001695D3 /* ViewController.m */; };
		2BB6C1521C796CCE001695D3 /* Main.storyboard in Resources */ = {isa = PBXBuildFile; fileRef = 2BB6C1501C796CCE001695D3 /* Main.storyboard */; };
		2BB6C1551C796CCE001695D3 /* _6_02_21_________.xcdatamodeld in Sources */ = {isa = PBXBuildFile; fileRef = 2BB6C1531C796CCE001695D3 /* _6_02_21_________.xcdatamodeld */; };
		2BB6C1571C796CCE001695D3 /* Assets.xcassets in Resources */ = {isa = PBXBuildFile; fileRef = 2BB6C1561C796CCE001695D3 /* Assets.xcassets */; };
		2BB6C15A1C796CCE001695D3 /* LaunchScreen.storyboard in Resources */ = {isa = PBXBuildFile; fileRef = 2BB6C1581C796CCE001695D3 /* LaunchScreen.storyboard */; };
		2BB6C1651C796CCE001695D3 /* _6_02_21_________Tests.m in Sources */ = {isa = PBXBuildFile; fileRef = 2BB6C1641C796CCE001695D3 /* _6_02_21_________Tests.m */; };
		2BB6C1701C796CCE001695D3 /* _6_02_21_________UITests.m in Sources */ = {isa = PBXBuildFile; fileRef = 2BB6C16F1C796CCE001695D3 /* _6_02_21_________UITests.m */; };
		2BCE3FD81C7B5DED00C8764C /* LoginViewController.m in Sources */ = {isa = PBXBuildFile; fileRef = 2BCE3FD71C7B5DED00C8764C /* LoginViewController.m */; };
		2BCE3FDB1C7B65FC00C8764C /* ContactsController.m in Sources */ = {isa = PBXBuildFile; fileRef = 2BCE3FDA1C7B65FC00C8764C /* ContactsController.m */; };
		2BCE3FE21C7BCC1F00C8764C /* MBProgressHUD+CZ.m in Sources */ = {isa = PBXBuildFile; fileRef = 2BCE3FDE1C7BCC1F00C8764C /* MBProgressHUD+CZ.m */; };
		2BCE3FE31C7BCC1F00C8764C /* MBProgressHUD.bundle in Resources */ = {isa = PBXBuildFile; fileRef = 2BCE3FDF1C7BCC1F00C8764C /* MBProgressHUD.bundle */; };
		2BCE3FE41C7BCC1F00C8764C /* MBProgressHUD.m in Sources */ = {isa = PBXBuildFile; fileRef = 2BCE3FE11C7BCC1F00C8764C /* MBProgressHUD.m */; };
/* End PBXBuildFile section */

/* Begin PBXContainerItemProxy section */
		2BB6C1611C796CCE001695D3 /* PBXContainerItemProxy */ = {
			isa = PBXContainerItemProxy;
			containerPortal = 2BB6C13C1C796CCE001695D3 /* Project object */;
			proxyType = 1;
			remoteGlobalIDString = 2BB6C1431C796CCE001695D3;
			remoteInfo = "16-02-21-淬火-私人通讯录";
		};
		2BB6C16C1C796CCE001695D3 /* PBXContainerItemProxy */ = {
			isa = PBXContainerItemProxy;
			containerPortal = 2BB6C13C1C796CCE001695D3 /* Project object */;
			proxyType = 1;
			remoteGlobalIDString = 2BB6C1431C796CCE001695D3;
			remoteInfo = "16-02-21-淬火-私人通讯录";
		};
/* End PBXContainerItemProxy section */

/* Begin PBXFileReference section */
		2BB6C1441C796CCE001695D3 /* 16-02-21-淬火-私人通讯录.app */ = {isa = PBXFileReference; explicitFileType = wrapper.application; includeInIndex = 0; path = "16-02-21-淬火-私人通讯录.app"; sourceTree = BUILT_PRODUCTS_DIR; };
		2BB6C1481C796CCE001695D3 /* main.m */ = {isa = PBXFileReference; lastKnownFileType = sourcecode.c.objc; path = main.m; sourceTree = "<group>"; };
		2BB6C14A1C796CCE001695D3 /* AppDelegate.h */ = {isa = PBXFileReference; lastKnownFileType = sourcecode.c.h; path = AppDelegate.h; sourceTree = "<group>"; };
		2BB6C14B1C796CCE001695D3 /* AppDelegate.m */ = {isa = PBXFileReference; lastKnownFileType = sourcecode.c.objc; path = AppDelegate.m; sourceTree = "<group>"; };
		2BB6C14D1C796CCE001695D3 /* ViewController.h */ = {isa = PBXFileReference; lastKnownFileType = sourcecode.c.h; path = ViewController.h; sourceTree = "<group>"; };
		2BB6C14E1C796CCE001695D3 /* ViewController.m */ = {isa = PBXFileReference; lastKnownFileType = sourcecode.c.objc; path = ViewController.m; sourceTree = "<group>"; };
		2BB6C1511C796CCE001695D3 /* Base */ = {isa = PBXFileReference; lastKnownFileType = file.storyboard; name = Base; path = Base.lproj/Main.storyboard; sourceTree = "<group>"; };
		2BB6C1541C796CCE001695D3 /* _6_02_21_________.xcdatamodel */ = {isa = PBXFileReference; lastKnownFileType = wrapper.xcdatamodel; path = "_6_02_21_________.xcdatamodel"; sourceTree = "<group>"; };
		2BB6C1561C796CCE001695D3 /* Assets.xcassets */ = {isa = PBXFileReference; lastKnownFileType = folder.assetcatalog; path = Assets.xcassets; sourceTree = "<group>"; };
		2BB6C1591C796CCE001695D3 /* Base */ = {isa = PBXFileReference; lastKnownFileType = file.storyboard; name = Base; path = Base.lproj/LaunchScreen.storyboard; sourceTree = "<group>"; };
		2BB6C15B1C796CCE001695D3 /* Info.plist */ = {isa = PBXFileReference; lastKnownFileType = text.plist.xml; path = Info.plist; sourceTree = "<group>"; };
		2BB6C1601C796CCE001695D3 /* 16-02-21-淬火-私人通讯录Tests.xctest */ = {isa = PBXFileReference; explicitFileType = wrapper.cfbundle; includeInIndex = 0; path = "16-02-21-淬火-私人通讯录Tests.xctest"; sourceTree = BUILT_PRODUCTS_DIR; };
		2BB6C1641C796CCE001695D3 /* _6_02_21_________Tests.m */ = {isa = PBXFileReference; lastKnownFileType = sourcecode.c.objc; path = "_6_02_21_________Tests.m"; sourceTree = "<group>"; };
		2BB6C1661C796CCE001695D3 /* Info.plist */ = {isa = PBXFileReference; lastKnownFileType = text.plist.xml; path = Info.plist; sourceTree = "<group>"; };
		2BB6C16B1C796CCE001695D3 /* 16-02-21-淬火-私人通讯录UITests.xctest */ = {isa = PBXFileReference; explicitFileType = wrapper.cfbundle; includeInIndex = 0; path = "16-02-21-淬火-私人通讯录UITests.xctest"; sourceTree = BUILT_PRODUCTS_DIR; };
		2BB6C16F1C796CCE001695D3 /* _6_02_21_________UITests.m */ = {isa = PBXFileReference; lastKnownFileType = sourcecode.c.objc; path = "_6_02_21_________UITests.m"; sourceTree = "<group>"; };
		2BB6C1711C796CCE001695D3 /* Info.plist */ = {isa = PBXFileReference; lastKnownFileType = text.plist.xml; path = Info.plist; sourceTree = "<group>"; };
		2BCE3FD61C7B5DED00C8764C /* LoginViewController.h */ = {isa = PBXFileReference; fileEncoding = 4; lastKnownFileType = sourcecode.c.h; path = LoginViewController.h; sourceTree = "<group>"; };
		2BCE3FD71C7B5DED00C8764C /* LoginViewController.m */ = {isa = PBXFileReference; fileEncoding = 4; lastKnownFileType = sourcecode.c.objc; path = LoginViewController.m; sourceTree = "<group>"; };
		2BCE3FD91C7B65FC00C8764C /* ContactsController.h */ = {isa = PBXFileReference; fileEncoding = 4; lastKnownFileType = sourcecode.c.h; path = ContactsController.h; sourceTree = "<group>"; };
		2BCE3FDA1C7B65FC00C8764C /* ContactsController.m */ = {isa = PBXFileReference; fileEncoding = 4; lastKnownFileType = sourcecode.c.objc; path = ContactsController.m; sourceTree = "<group>"; };
		2BCE3FDD1C7BCC1F00C8764C /* MBProgressHUD+CZ.h */ = {isa = PBXFileReference; fileEncoding = 4; lastKnownFileType = sourcecode.c.h; path = "MBProgressHUD+CZ.h"; sourceTree = "<group>"; };
		2BCE3FDE1C7BCC1F00C8764C /* MBProgressHUD+CZ.m */ = {isa = PBXFileReference; fileEncoding = 4; lastKnownFileType = sourcecode.c.objc; path = "MBProgressHUD+CZ.m"; sourceTree = "<group>"; };
		2BCE3FDF1C7BCC1F00C8764C /* MBProgressHUD.bundle */ = {isa = PBXFileReference; lastKnownFileType = "wrapper.plug-in"; path = MBProgressHUD.bundle; sourceTree = "<group>"; };
		2BCE3FE01C7BCC1F00C8764C /* MBProgressHUD.h */ = {isa = PBXFileReference; fileEncoding = 4; lastKnownFileType = sourcecode.c.h; path = MBProgressHUD.h; sourceTree = "<group>"; };
		2BCE3FE11C7BCC1F00C8764C /* MBProgressHUD.m */ = {isa = PBXFileReference; fileEncoding = 4; lastKnownFileType = sourcecode.c.objc; path = MBProgressHUD.m; sourceTree = "<group>"; };
/* End PBXFileReference section */

/* Begin PBXFrameworksBuildPhase section */
		2BB6C1411C796CCE001695D3 /* Frameworks */ = {
			isa = PBXFrameworksBuildPhase;
			buildActionMask = 2147483647;
			files = (
			);
			runOnlyForDeploymentPostprocessing = 0;
		};
		2BB6C15D1C796CCE001695D3 /* Frameworks */ = {
			isa = PBXFrameworksBuildPhase;
			buildActionMask = 2147483647;
			files = (
			);
			runOnlyForDeploymentPostprocessing = 0;
		};
		2BB6C1681C796CCE001695D3 /* Frameworks */ = {
			isa = PBXFrameworksBuildPhase;
			buildActionMask = 2147483647;
			files = (
			);
			runOnlyForDeploymentPostprocessing = 0;
		};
/* End PBXFrameworksBuildPhase section */

/* Begin PBXGroup section */
		2BB6C13B1C796CCE001695D3 = {
			isa = PBXGroup;
			children = (
				2BB6C1461C796CCE001695D3 /* 16-02-21-淬火-私人通讯录 */,
				2BB6C1631C796CCE001695D3 /* 16-02-21-淬火-私人通讯录Tests */,
				2BB6C16E1C796CCE001695D3 /* 16-02-21-淬火-私人通讯录UITests */,
				2BB6C1451C796CCE001695D3 /* Products */,
			);
			sourceTree = "<group>";
		};
		2BB6C1451C796CCE001695D3 /* Products */ = {
			isa = PBXGroup;
			children = (
				2BB6C1441C796CCE001695D3 /* 16-02-21-淬火-私人通讯录.app */,
				2BB6C1601C796CCE001695D3 /* 16-02-21-淬火-私人通讯录Tests.xctest */,
				2BB6C16B1C796CCE001695D3 /* 16-02-21-淬火-私人通讯录UITests.xctest */,
			);
			name = Products;
			sourceTree = "<group>";
		};
		2BB6C1461C796CCE001695D3 /* 16-02-21-淬火-私人通讯录 */ = {
			isa = PBXGroup;
			children = (
				2BB6C17D1C796CD8001695D3 /* Classes */,
				2BB6C1471C796CCE001695D3 /* Supporting Files */,
			);
			path = "16-02-21-淬火-私人通讯录";
			sourceTree = "<group>";
		};
		2BB6C1471C796CCE001695D3 /* Supporting Files */ = {
			isa = PBXGroup;
			children = (
				2BB6C1561C796CCE001695D3 /* Assets.xcassets */,
				2BB6C1481C796CCE001695D3 /* main.m */,
				2BB6C1501C796CCE001695D3 /* Main.storyboard */,
				2BB6C1581C796CCE001695D3 /* LaunchScreen.storyboard */,
				2BB6C15B1C796CCE001695D3 /* Info.plist */,
				2BB6C1531C796CCE001695D3 /* _6_02_21_________.xcdatamodeld */,
			);
			name = "Supporting Files";
			sourceTree = "<group>";
		};
		2BB6C1631C796CCE001695D3 /* 16-02-21-淬火-私人通讯录Tests */ = {
			isa = PBXGroup;
			children = (
				2BB6C1641C796CCE001695D3 /* _6_02_21_________Tests.m */,
				2BB6C1661C796CCE001695D3 /* Info.plist */,
			);
			path = "16-02-21-淬火-私人通讯录Tests";
			sourceTree = "<group>";
		};
		2BB6C16E1C796CCE001695D3 /* 16-02-21-淬火-私人通讯录UITests */ = {
			isa = PBXGroup;
			children = (
				2BB6C16F1C796CCE001695D3 /* _6_02_21_________UITests.m */,
				2BB6C1711C796CCE001695D3 /* Info.plist */,
			);
			path = "16-02-21-淬火-私人通讯录UITests";
			sourceTree = "<group>";
		};
		2BB6C17D1C796CD8001695D3 /* Classes */ = {
			isa = PBXGroup;
			children = (
				2BCE3FDC1C7BCC1F00C8764C /* MBProgressHUD */,
				2BB6C1831C796EA1001695D3 /* application */,
				2BB6C1821C796E4C001695D3 /* model */,
				2BB6C1811C796E43001695D3 /* controller */,
				2BB6C1801C796E38001695D3 /* views */,
				2BB6C17F1C796E2B001695D3 /* other */,
			);
			name = Classes;
			sourceTree = "<group>";
		};
		2BB6C17F1C796E2B001695D3 /* other */ = {
			isa = PBXGroup;
			children = (
			);
			name = other;
			sourceTree = "<group>";
		};
		2BB6C1801C796E38001695D3 /* views */ = {
			isa = PBXGroup;
			children = (
			);
			name = views;
			sourceTree = "<group>";
		};
		2BB6C1811C796E43001695D3 /* controller */ = {
			isa = PBXGroup;
			children = (
				2BB6C14D1C796CCE001695D3 /* ViewController.h */,
				2BB6C14E1C796CCE001695D3 /* ViewController.m */,
				2BCE3FD61C7B5DED00C8764C /* LoginViewController.h */,
				2BCE3FD71C7B5DED00C8764C /* LoginViewController.m */,
				2BCE3FD91C7B65FC00C8764C /* ContactsController.h */,
				2BCE3FDA1C7B65FC00C8764C /* ContactsController.m */,
			);
			name = controller;
			sourceTree = "<group>";
		};
		2BB6C1821C796E4C001695D3 /* model */ = {
			isa = PBXGroup;
			children = (
			);
			name = model;
			sourceTree = "<group>";
		};
		2BB6C1831C796EA1001695D3 /* application */ = {
			isa = PBXGroup;
			children = (
				2BB6C14A1C796CCE001695D3 /* AppDelegate.h */,
				2BB6C14B1C796CCE001695D3 /* AppDelegate.m */,
			);
			name = application;
			sourceTree = "<group>";
		};
		2BCE3FDC1C7BCC1F00C8764C /* MBProgressHUD */ = {
			isa = PBXGroup;
			children = (
				2BCE3FDD1C7BCC1F00C8764C /* MBProgressHUD+CZ.h */,
				2BCE3FDE1C7BCC1F00C8764C /* MBProgressHUD+CZ.m */,
				2BCE3FDF1C7BCC1F00C8764C /* MBProgressHUD.bundle */,
				2BCE3FE01C7BCC1F00C8764C /* MBProgressHUD.h */,
				2BCE3FE11C7BCC1F00C8764C /* MBProgressHUD.m */,
			);
			path = MBProgressHUD;
			sourceTree = "<group>";
		};
/* End PBXGroup section */

/* Begin PBXNativeTarget section */
		2BB6C1431C796CCE001695D3 /* 16-02-21-淬火-私人通讯录 */ = {
			isa = PBXNativeTarget;
			buildConfigurationList = 2BB6C1741C796CCE001695D3 /* Build configuration list for PBXNativeTarget "16-02-21-淬火-私人通讯录" */;
			buildPhases = (
				2BB6C1401C796CCE001695D3 /* Sources */,
				2BB6C1411C796CCE001695D3 /* Frameworks */,
				2BB6C1421C796CCE001695D3 /* Resources */,
			);
			buildRules = (
			);
			dependencies = (
			);
			name = "16-02-21-淬火-私人通讯录";
			productName = "16-02-21-淬火-私人通讯录";
			productReference = 2BB6C1441C796CCE001695D3 /* 16-02-21-淬火-私人通讯录.app */;
			productType = "com.apple.product-type.application";
		};
		2BB6C15F1C796CCE001695D3 /* 16-02-21-淬火-私人通讯录Tests */ = {
			isa = PBXNativeTarget;
			buildConfigurationList = 2BB6C1771C796CCE001695D3 /* Build configuration list for PBXNativeTarget "16-02-21-淬火-私人通讯录Tests" */;
			buildPhases = (
				2BB6C15C1C796CCE001695D3 /* Sources */,
				2BB6C15D1C796CCE001695D3 /* Frameworks */,
				2BB6C15E1C796CCE001695D3 /* Resources */,
			);
			buildRules = (
			);
			dependencies = (
				2BB6C1621C796CCE001695D3 /* PBXTargetDependency */,
			);
			name = "16-02-21-淬火-私人通讯录Tests";
			productName = "16-02-21-淬火-私人通讯录Tests";
			productReference = 2BB6C1601C796CCE001695D3 /* 16-02-21-淬火-私人通讯录Tests.xctest */;
			productType = "com.apple.product-type.bundle.unit-test";
		};
		2BB6C16A1C796CCE001695D3 /* 16-02-21-淬火-私人通讯录UITests */ = {
			isa = PBXNativeTarget;
			buildConfigurationList = 2BB6C17A1C796CCE001695D3 /* Build configuration list for PBXNativeTarget "16-02-21-淬火-私人通讯录UITests" */;
			buildPhases = (
				2BB6C1671C796CCE001695D3 /* Sources */,
				2BB6C1681C796CCE001695D3 /* Frameworks */,
				2BB6C1691C796CCE001695D3 /* Resources */,
			);
			buildRules = (
			);
			dependencies = (
				2BB6C16D1C796CCE001695D3 /* PBXTargetDependency */,
			);
			name = "16-02-21-淬火-私人通讯录UITests";
			productName = "16-02-21-淬火-私人通讯录UITests";
			productReference = 2BB6C16B1C796CCE001695D3 /* 16-02-21-淬火-私人通讯录UITests.xctest */;
			productType = "com.apple.product-type.bundle.ui-testing";
		};
/* End PBXNativeTarget section */

/* Begin PBXProject section */
		2BB6C13C1C796CCE001695D3 /* Project object */ = {
			isa = PBXProject;
			attributes = {
				LastUpgradeCheck = 0720;
				ORGANIZATIONNAME = man;
				TargetAttributes = {
					2BB6C1431C796CCE001695D3 = {
						CreatedOnToolsVersion = 7.2.1;
					};
					2BB6C15F1C796CCE001695D3 = {
						CreatedOnToolsVersion = 7.2.1;
						TestTargetID = 2BB6C1431C796CCE001695D3;
					};
					2BB6C16A1C796CCE001695D3 = {
						CreatedOnToolsVersion = 7.2.1;
						TestTargetID = 2BB6C1431C796CCE001695D3;
					};
				};
			};
			buildConfigurationList = 2BB6C13F1C796CCE001695D3 /* Build configuration list for PBXProject "16-02-21-淬火-私人通讯录" */;
			compatibilityVersion = "Xcode 3.2";
			developmentRegion = English;
			hasScannedForEncodings = 0;
			knownRegions = (
				en,
				Base,
			);
			mainGroup = 2BB6C13B1C796CCE001695D3;
			productRefGroup = 2BB6C1451C796CCE001695D3 /* Products */;
			projectDirPath = "";
			projectRoot = "";
			targets = (
				2BB6C1431C796CCE001695D3 /* 16-02-21-淬火-私人通讯录 */,
				2BB6C15F1C796CCE001695D3 /* 16-02-21-淬火-私人通讯录Tests */,
				2BB6C16A1C796CCE001695D3 /* 16-02-21-淬火-私人通讯录UITests */,
			);
		};
/* End PBXProject section */

/* Begin PBXResourcesBuildPhase section */
		2BB6C1421C796CCE001695D3 /* Resources */ = {
			isa = PBXResourcesBuildPhase;
			buildActionMask = 2147483647;
			files = (
				2BB6C15A1C796CCE001695D3 /* LaunchScreen.storyboard in Resources */,
				2BCE3FE31C7BCC1F00C8764C /* MBProgressHUD.bundle in Resources */,
				2BB6C1571C796CCE001695D3 /* Assets.xcassets in Resources */,
				2BB6C1521C796CCE001695D3 /* Main.storyboard in Resources */,
			);
			runOnlyForDeploymentPostprocessing = 0;
		};
		2BB6C15E1C796CCE001695D3 /* Resources */ = {
			isa = PBXResourcesBuildPhase;
			buildActionMask = 2147483647;
			files = (
			);
			runOnlyForDeploymentPostprocessing = 0;
		};
		2BB6C1691C796CCE001695D3 /* Resources */ = {
			isa = PBXResourcesBuildPhase;
			buildActionMask = 2147483647;
			files = (
			);
			runOnlyForDeploymentPostprocessing = 0;
		};
/* End PBXResourcesBuildPhase section */

/* Begin PBXSourcesBuildPhase section */
		2BB6C1401C796CCE001695D3 /* Sources */ = {
			isa = PBXSourcesBuildPhase;
			buildActionMask = 2147483647;
			files = (
				2BB6C14F1C796CCE001695D3 /* ViewController.m in Sources */,
				2BB6C1551C796CCE001695D3 /* _6_02_21_________.xcdatamodeld in Sources */,
				2BCE3FDB1C7B65FC00C8764C /* ContactsController.m in Sources */,
				2BB6C14C1C796CCE001695D3 /* AppDelegate.m in Sources */,
				2BB6C1491C796CCE001695D3 /* main.m in Sources */,
				2BCE3FE21C7BCC1F00C8764C /* MBProgressHUD+CZ.m in Sources */,
				2BCE3FD81C7B5DED00C8764C /* LoginViewController.m in Sources */,
				2BCE3FE41C7BCC1F00C8764C /* MBProgressHUD.m in Sources */,
			);
			runOnlyForDeploymentPostprocessing = 0;
		};
		2BB6C15C1C796CCE001695D3 /* Sources */ = {
			isa = PBXSourcesBuildPhase;
			buildActionMask = 2147483647;
			files = (
				2BB6C1651C796CCE001695D3 /* _6_02_21_________Tests.m in Sources */,
			);
			runOnlyForDeploymentPostprocessing = 0;
		};
		2BB6C1671C796CCE001695D3 /* Sources */ = {
			isa = PBXSourcesBuildPhase;
			buildActionMask = 2147483647;
			files = (
				2BB6C1701C796CCE001695D3 /* _6_02_21_________UITests.m in Sources */,
			);
			runOnlyForDeploymentPostprocessing = 0;
		};
/* End PBXSourcesBuildPhase section */

/* Begin PBXTargetDependency section */
		2BB6C1621C796CCE001695D3 /* PBXTargetDependency */ = {
			isa = PBXTargetDependency;
			target = 2BB6C1431C796CCE001695D3 /* 16-02-21-淬火-私人通讯录 */;
			targetProxy = 2BB6C1611C796CCE001695D3 /* PBXContainerItemProxy */;
		};
		2BB6C16D1C796CCE001695D3 /* PBXTargetDependency */ = {
			isa = PBXTargetDependency;
			target = 2BB6C1431C796CCE001695D3 /* 16-02-21-淬火-私人通讯录 */;
			targetProxy = 2BB6C16C1C796CCE001695D3 /* PBXContainerItemProxy */;
		};
/* End PBXTargetDependency section */

/* Begin PBXVariantGroup section */
		2BB6C1501C796CCE001695D3 /* Main.storyboard */ = {
			isa = PBXVariantGroup;
			children = (
				2BB6C1511C796CCE001695D3 /* Base */,
			);
			name = Main.storyboard;
			sourceTree = "<group>";
		};
		2BB6C1581C796CCE001695D3 /* LaunchScreen.storyboard */ = {
			isa = PBXVariantGroup;
			children = (
				2BB6C1591C796CCE001695D3 /* Base */,
			);
			name = LaunchScreen.storyboard;
			sourceTree = "<group>";
		};
/* End PBXVariantGroup section */

/* Begin XCBuildConfiguration section */
		2BB6C1721C796CCE001695D3 /* Debug */ = {
			isa = XCBuildConfiguration;
			buildSettings = {
				ALWAYS_SEARCH_USER_PATHS = NO;
				CLANG_CXX_LANGUAGE_STANDARD = "gnu++0x";
				CLANG_CXX_LIBRARY = "libc++";
				CLANG_ENABLE_MODULES = YES;
				CLANG_ENABLE_OBJC_ARC = YES;
				CLANG_WARN_BOOL_CONVERSION = YES;
				CLANG_WARN_CONSTANT_CONVERSION = YES;
				CLANG_WARN_DIRECT_OBJC_ISA_USAGE = YES_ERROR;
				CLANG_WARN_EMPTY_BODY = YES;
				CLANG_WARN_ENUM_CONVERSION = YES;
				CLANG_WARN_INT_CONVERSION = YES;
				CLANG_WARN_OBJC_ROOT_CLASS = YES_ERROR;
				CLANG_WARN_UNREACHABLE_CODE = YES;
				CLANG_WARN__DUPLICATE_METHOD_MATCH = YES;
				"CODE_SIGN_IDENTITY[sdk=iphoneos*]" = "iPhone Developer";
				COPY_PHASE_STRIP = NO;
				DEBUG_INFORMATION_FORMAT = dwarf;
				ENABLE_STRICT_OBJC_MSGSEND = YES;
				ENABLE_TESTABILITY = YES;
				GCC_C_LANGUAGE_STANDARD = gnu99;
				GCC_DYNAMIC_NO_PIC = NO;
				GCC_NO_COMMON_BLOCKS = YES;
				GCC_OPTIMIZATION_LEVEL = 0;
				GCC_PREPROCESSOR_DEFINITIONS = (
					"DEBUG=1",
					"$(inherited)",
				);
				GCC_WARN_64_TO_32_BIT_CONVERSION = YES;
				GCC_WARN_ABOUT_RETURN_TYPE = YES_ERROR;
				GCC_WARN_UNDECLARED_SELECTOR = YES;
				GCC_WARN_UNINITIALIZED_AUTOS = YES_AGGRESSIVE;
				GCC_WARN_UNUSED_FUNCTION = YES;
				GCC_WARN_UNUSED_VARIABLE = YES;
				IPHONEOS_DEPLOYMENT_TARGET = 9.2;
				MTL_ENABLE_DEBUG_INFO = YES;
				ONLY_ACTIVE_ARCH = YES;
				SDKROOT = iphoneos;
				TARGETED_DEVICE_FAMILY = "1,2";
			};
			name = Debug;
		};
		2BB6C1731C796CCE001695D3 /* Release */ = {
			isa = XCBuildConfiguration;
			buildSettings = {
				ALWAYS_SEARCH_USER_PATHS = NO;
				CLANG_CXX_LANGUAGE_STANDARD = "gnu++0x";
				CLANG_CXX_LIBRARY = "libc++";
				CLANG_ENABLE_MODULES = YES;
				CLANG_ENABLE_OBJC_ARC = YES;
				CLANG_WARN_BOOL_CONVERSION = YES;
				CLANG_WARN_CONSTANT_CONVERSION = YES;
				CLANG_WARN_DIRECT_OBJC_ISA_USAGE = YES_ERROR;
				CLANG_WARN_EMPTY_BODY = YES;
				CLANG_WARN_ENUM_CONVERSION = YES;
				CLANG_WARN_INT_CONVERSION = YES;
				CLANG_WARN_OBJC_ROOT_CLASS = YES_ERROR;
				CLANG_WARN_UNREACHABLE_CODE = YES;
				CLANG_WARN__DUPLICATE_METHOD_MATCH = YES;
				"CODE_SIGN_IDENTITY[sdk=iphoneos*]" = "iPhone Developer";
				COPY_PHASE_STRIP = NO;
				DEBUG_INFORMATION_FORMAT = "dwarf-with-dsym";
				ENABLE_NS_ASSERTIONS = NO;
				ENABLE_STRICT_OBJC_MSGSEND = YES;
				GCC_C_LANGUAGE_STANDARD = gnu99;
				GCC_NO_COMMON_BLOCKS = YES;
				GCC_WARN_64_TO_32_BIT_CONVERSION = YES;
				GCC_WARN_ABOUT_RETURN_TYPE = YES_ERROR;
				GCC_WARN_UNDECLARED_SELECTOR = YES;
				GCC_WARN_UNINITIALIZED_AUTOS = YES_AGGRESSIVE;
				GCC_WARN_UNUSED_FUNCTION = YES;
				GCC_WARN_UNUSED_VARIABLE = YES;
				IPHONEOS_DEPLOYMENT_TARGET = 9.2;
				MTL_ENABLE_DEBUG_INFO = NO;
				SDKROOT = iphoneos;
				TARGETED_DEVICE_FAMILY = "1,2";
				VALIDATE_PRODUCT = YES;
			};
			name = Release;
		};
		2BB6C1751C796CCE001695D3 /* Debug */ = {
			isa = XCBuildConfiguration;
			buildSettings = {
				ASSETCATALOG_COMPILER_APPICON_NAME = AppIcon;
				INFOPLIST_FILE = "16-02-21-淬火-私人通讯录/Info.plist";
				LD_RUNPATH_SEARCH_PATHS = "$(inherited) @executable_path/Frameworks";
				PRODUCT_BUNDLE_IDENTIFIER = "com.cdmq.-6-02-21---------";
				PRODUCT_NAME = "$(TARGET_NAME)";
			};
			name = Debug;
		};
		2BB6C1761C796CCE001695D3 /* Release */ = {
			isa = XCBuildConfiguration;
			buildSettings = {
				ASSETCATALOG_COMPILER_APPICON_NAME = AppIcon;
				INFOPLIST_FILE = "16-02-21-淬火-私人通讯录/Info.plist";
				LD_RUNPATH_SEARCH_PATHS = "$(inherited) @executable_path/Frameworks";
				PRODUCT_BUNDLE_IDENTIFIER = "com.cdmq.-6-02-21---------";
				PRODUCT_NAME = "$(TARGET_NAME)";
			};
			name = Release;
		};
		2BB6C1781C796CCE001695D3 /* Debug */ = {
			isa = XCBuildConfiguration;
			buildSettings = {
				BUNDLE_LOADER = "$(TEST_HOST)";
				INFOPLIST_FILE = "16-02-21-淬火-私人通讯录Tests/Info.plist";
				LD_RUNPATH_SEARCH_PATHS = "$(inherited) @executable_path/Frameworks @loader_path/Frameworks";
				PRODUCT_BUNDLE_IDENTIFIER = "com.cdmq.-6-02-21---------Tests";
				PRODUCT_NAME = "$(TARGET_NAME)";
				TEST_HOST = "$(BUILT_PRODUCTS_DIR)/16-02-21-淬火-私人通讯录.app/16-02-21-淬火-私人通讯录";
			};
			name = Debug;
		};
		2BB6C1791C796CCE001695D3 /* Release */ = {
			isa = XCBuildConfiguration;
			buildSettings = {
				BUNDLE_LOADER = "$(TEST_HOST)";
				INFOPLIST_FILE = "16-02-21-淬火-私人通讯录Tests/Info.plist";
				LD_RUNPATH_SEARCH_PATHS = "$(inherited) @executable_path/Frameworks @loader_path/Frameworks";
				PRODUCT_BUNDLE_IDENTIFIER = "com.cdmq.-6-02-21---------Tests";
				PRODUCT_NAME = "$(TARGET_NAME)";
				TEST_HOST = "$(BUILT_PRODUCTS_DIR)/16-02-21-淬火-私人通讯录.app/16-02-21-淬火-私人通讯录";
			};
			name = Release;
		};
		2BB6C17B1C796CCE001695D3 /* Debug */ = {
			isa = XCBuildConfiguration;
			buildSettings = {
				INFOPLIST_FILE = "16-02-21-淬火-私人通讯录UITests/Info.plist";
				LD_RUNPATH_SEARCH_PATHS = "$(inherited) @executable_path/Frameworks @loader_path/Frameworks";
				PRODUCT_BUNDLE_IDENTIFIER = "com.cdmq.-6-02-21---------UITests";
				PRODUCT_NAME = "$(TARGET_NAME)";
				TEST_TARGET_NAME = "16-02-21-淬火-私人通讯录";
				USES_XCTRUNNER = YES;
			};
			name = Debug;
		};
		2BB6C17C1C796CCE001695D3 /* Release */ = {
			isa = XCBuildConfiguration;
			buildSettings = {
				INFOPLIST_FILE = "16-02-21-淬火-私人通讯录UITests/Info.plist";
				LD_RUNPATH_SEARCH_PATHS = "$(inherited) @executable_path/Frameworks @loader_path/Frameworks";
				PRODUCT_BUNDLE_IDENTIFIER = "com.cdmq.-6-02-21---------UITests";
				PRODUCT_NAME = "$(TARGET_NAME)";
				TEST_TARGET_NAME = "16-02-21-淬火-私人通讯录";
				USES_XCTRUNNER = YES;
			};
			name = Release;
		};
/* End XCBuildConfiguration section */

/* Begin XCConfigurationList section */
		2BB6C13F1C796CCE001695D3 /* Build configuration list for PBXProject "16-02-21-淬火-私人通讯录" */ = {
			isa = XCConfigurationList;
			buildConfigurations = (
				2BB6C1721C796CCE001695D3 /* Debug */,
				2BB6C1731C796CCE001695D3 /* Release */,
			);
			defaultConfigurationIsVisible = 0;
			defaultConfigurationName = Release;
		};
		2BB6C1741C796CCE001695D3 /* Build configuration list for PBXNativeTarget "16-02-21-淬火-私人通讯录" */ = {
			isa = XCConfigurationList;
			buildConfigurations = (
				2BB6C1751C796CCE001695D3 /* Debug */,
				2BB6C1761C796CCE001695D3 /* Release */,
			);
			defaultConfigurationIsVisible = 0;
			defaultConfigurationName = Release;
		};
		2BB6C1771C796CCE001695D3 /* Build configuration list for PBXNativeTarget "16-02-21-淬火-私人通讯录Tests" */ = {
			isa = XCConfigurationList;
			buildConfigurations = (
				2BB6C1781C796CCE001695D3 /* Debug */,
				2BB6C1791C796CCE001695D3 /* Release */,
			);
			defaultConfigurationIsVisible = 0;
			defaultConfigurationName = Release;
		};
		2BB6C17A1C796CCE001695D3 /* Build configuration list for PBXNativeTarget "16-02-21-淬火-私人通讯录UITests" */ = {
			isa = XCConfigurationList;
			buildConfigurations = (
				2BB6C17B1C796CCE001695D3 /* Debug */,
				2BB6C17C1C796CCE001695D3 /* Release */,
			);
			defaultConfigurationIsVisible = 0;
			defaultConfigurationName = Release;
		};
/* End XCConfigurationList section */

/* Begin XCVersionGroup section */
		2BB6C1531C796CCE001695D3 /* _6_02_21_________.xcdatamodeld */ = {
			isa = XCVersionGroup;
			children = (
				2BB6C1541C796CCE001695D3 /* _6_02_21_________.xcdatamodel */,
			);
			currentVersion = 2BB6C1541C796CCE001695D3 /* _6_02_21_________.xcdatamodel */;
			path = "_6_02_21_________.xcdatamodeld";
			sourceTree = "<group>";
			versionGroupType = wrapper.xcdatamodel;
		};
/* End XCVersionGroup section */
	};
	rootObject = 2BB6C13C1C796CCE001695D3 /* Project object */;
}
