// !$*UTF8*$!
{
	archiveVersion = 1;
	classes = {
	};
	objectVersion = 46;
	objects = {

/* Begin PBXBuildFile section */
		2B1814971C8E8D84003A5F43 /* main.m in Sources */ = {isa = PBXBuildFile; fileRef = 2B1814961C8E8D84003A5F43 /* main.m */; };
		2B18149A1C8E8D84003A5F43 /* AppDelegate.m in Sources */ = {isa = PBXBuildFile; fileRef = 2B1814991C8E8D84003A5F43 /* AppDelegate.m */; };
		2B18149D1C8E8D84003A5F43 /* ViewController.m in Sources */ = {isa = PBXBuildFile; fileRef = 2B18149C1C8E8D84003A5F43 /* ViewController.m */; };
		2B1814A01C8E8D84003A5F43 /* Main.storyboard in Resources */ = {isa = PBXBuildFile; fileRef = 2B18149E1C8E8D84003A5F43 /* Main.storyboard */; };
		2B1814A31C8E8D84003A5F43 /* _6_03_08_________Model.xcdatamodeld in Sources */ = {isa = PBXBuildFile; fileRef = 2B1814A11C8E8D84003A5F43 /* _6_03_08_________Model.xcdatamodeld */; };
		2B1814A51C8E8D84003A5F43 /* Assets.xcassets in Resources */ = {isa = PBXBuildFile; fileRef = 2B1814A41C8E8D84003A5F43 /* Assets.xcassets */; };
		2B1814A81C8E8D84003A5F43 /* LaunchScreen.storyboard in Resources */ = {isa = PBXBuildFile; fileRef = 2B1814A61C8E8D84003A5F43 /* LaunchScreen.storyboard */; };
		2B1814B31C8E8D84003A5F43 /* _6_03_08_________ModelTests.m in Sources */ = {isa = PBXBuildFile; fileRef = 2B1814B21C8E8D84003A5F43 /* _6_03_08_________ModelTests.m */; };
		2B1814BE1C8E8D84003A5F43 /* _6_03_08_________ModelUITests.m in Sources */ = {isa = PBXBuildFile; fileRef = 2B1814BD1C8E8D84003A5F43 /* _6_03_08_________ModelUITests.m */; };
		2B397CE91C8E8F920068C0C3 /* RegisterViewController.m in Sources */ = {isa = PBXBuildFile; fileRef = 2B397CE81C8E8F920068C0C3 /* RegisterViewController.m */; };
/* End PBXBuildFile section */

/* Begin PBXContainerItemProxy section */
		2B1814AF1C8E8D84003A5F43 /* PBXContainerItemProxy */ = {
			isa = PBXContainerItemProxy;
			containerPortal = 2B18148A1C8E8D84003A5F43 /* Project object */;
			proxyType = 1;
			remoteGlobalIDString = 2B1814911C8E8D84003A5F43;
			remoteInfo = "16-03-08-(熔炼)-模态框Model";
		};
		2B1814BA1C8E8D84003A5F43 /* PBXContainerItemProxy */ = {
			isa = PBXContainerItemProxy;
			containerPortal = 2B18148A1C8E8D84003A5F43 /* Project object */;
			proxyType = 1;
			remoteGlobalIDString = 2B1814911C8E8D84003A5F43;
			remoteInfo = "16-03-08-(熔炼)-模态框Model";
		};
/* End PBXContainerItemProxy section */

/* Begin PBXFileReference section */
		2B1814921C8E8D84003A5F43 /* 16-03-08-(熔炼)-模态框Model.app */ = {isa = PBXFileReference; explicitFileType = wrapper.application; includeInIndex = 0; path = "16-03-08-(熔炼)-模态框Model.app"; sourceTree = BUILT_PRODUCTS_DIR; };
		2B1814961C8E8D84003A5F43 /* main.m */ = {isa = PBXFileReference; lastKnownFileType = sourcecode.c.objc; path = main.m; sourceTree = "<group>"; };
		2B1814981C8E8D84003A5F43 /* AppDelegate.h */ = {isa = PBXFileReference; lastKnownFileType = sourcecode.c.h; path = AppDelegate.h; sourceTree = "<group>"; };
		2B1814991C8E8D84003A5F43 /* AppDelegate.m */ = {isa = PBXFileReference; lastKnownFileType = sourcecode.c.objc; path = AppDelegate.m; sourceTree = "<group>"; };
		2B18149B1C8E8D84003A5F43 /* ViewController.h */ = {isa = PBXFileReference; lastKnownFileType = sourcecode.c.h; path = ViewController.h; sourceTree = "<group>"; };
		2B18149C1C8E8D84003A5F43 /* ViewController.m */ = {isa = PBXFileReference; lastKnownFileType = sourcecode.c.objc; path = ViewController.m; sourceTree = "<group>"; };
		2B18149F1C8E8D84003A5F43 /* Base */ = {isa = PBXFileReference; lastKnownFileType = file.storyboard; name = Base; path = Base.lproj/Main.storyboard; sourceTree = "<group>"; };
		2B1814A21C8E8D84003A5F43 /* _6_03_08_________Model.xcdatamodel */ = {isa = PBXFileReference; lastKnownFileType = wrapper.xcdatamodel; path = "_6_03_08_________Model.xcdatamodel"; sourceTree = "<group>"; };
		2B1814A41C8E8D84003A5F43 /* Assets.xcassets */ = {isa = PBXFileReference; lastKnownFileType = folder.assetcatalog; path = Assets.xcassets; sourceTree = "<group>"; };
		2B1814A71C8E8D84003A5F43 /* Base */ = {isa = PBXFileReference; lastKnownFileType = file.storyboard; name = Base; path = Base.lproj/LaunchScreen.storyboard; sourceTree = "<group>"; };
		2B1814A91C8E8D84003A5F43 /* Info.plist */ = {isa = PBXFileReference; lastKnownFileType = text.plist.xml; path = Info.plist; sourceTree = "<group>"; };
		2B1814AE1C8E8D84003A5F43 /* 16-03-08-(熔炼)-模态框ModelTests.xctest */ = {isa = PBXFileReference; explicitFileType = wrapper.cfbundle; includeInIndex = 0; path = "16-03-08-(熔炼)-模态框ModelTests.xctest"; sourceTree = BUILT_PRODUCTS_DIR; };
		2B1814B21C8E8D84003A5F43 /* _6_03_08_________ModelTests.m */ = {isa = PBXFileReference; lastKnownFileType = sourcecode.c.objc; path = "_6_03_08_________ModelTests.m"; sourceTree = "<group>"; };
		2B1814B41C8E8D84003A5F43 /* Info.plist */ = {isa = PBXFileReference; lastKnownFileType = text.plist.xml; path = Info.plist; sourceTree = "<group>"; };
		2B1814B91C8E8D84003A5F43 /* 16-03-08-(熔炼)-模态框ModelUITests.xctest */ = {isa = PBXFileReference; explicitFileType = wrapper.cfbundle; includeInIndex = 0; path = "16-03-08-(熔炼)-模态框ModelUITests.xctest"; sourceTree = BUILT_PRODUCTS_DIR; };
		2B1814BD1C8E8D84003A5F43 /* _6_03_08_________ModelUITests.m */ = {isa = PBXFileReference; lastKnownFileType = sourcecode.c.objc; path = "_6_03_08_________ModelUITests.m"; sourceTree = "<group>"; };
		2B1814BF1C8E8D84003A5F43 /* Info.plist */ = {isa = PBXFileReference; lastKnownFileType = text.plist.xml; path = Info.plist; sourceTree = "<group>"; };
		2B397CE71C8E8F920068C0C3 /* RegisterViewController.h */ = {isa = PBXFileReference; fileEncoding = 4; lastKnownFileType = sourcecode.c.h; path = RegisterViewController.h; sourceTree = "<group>"; };
		2B397CE81C8E8F920068C0C3 /* RegisterViewController.m */ = {isa = PBXFileReference; fileEncoding = 4; lastKnownFileType = sourcecode.c.objc; path = RegisterViewController.m; sourceTree = "<group>"; };
/* End PBXFileReference section */

/* Begin PBXFrameworksBuildPhase section */
		2B18148F1C8E8D84003A5F43 /* Frameworks */ = {
			isa = PBXFrameworksBuildPhase;
			buildActionMask = 2147483647;
			files = (
			);
			runOnlyForDeploymentPostprocessing = 0;
		};
		2B1814AB1C8E8D84003A5F43 /* Frameworks */ = {
			isa = PBXFrameworksBuildPhase;
			buildActionMask = 2147483647;
			files = (
			);
			runOnlyForDeploymentPostprocessing = 0;
		};
		2B1814B61C8E8D84003A5F43 /* Frameworks */ = {
			isa = PBXFrameworksBuildPhase;
			buildActionMask = 2147483647;
			files = (
			);
			runOnlyForDeploymentPostprocessing = 0;
		};
/* End PBXFrameworksBuildPhase section */

/* Begin PBXGroup section */
		2B1814891C8E8D84003A5F43 = {
			isa = PBXGroup;
			children = (
				2B1814941C8E8D84003A5F43 /* 16-03-08-(熔炼)-模态框Model */,
				2B1814B11C8E8D84003A5F43 /* 16-03-08-(熔炼)-模态框ModelTests */,
				2B1814BC1C8E8D84003A5F43 /* 16-03-08-(熔炼)-模态框ModelUITests */,
				2B1814931C8E8D84003A5F43 /* Products */,
			);
			sourceTree = "<group>";
		};
		2B1814931C8E8D84003A5F43 /* Products */ = {
			isa = PBXGroup;
			children = (
				2B1814921C8E8D84003A5F43 /* 16-03-08-(熔炼)-模态框Model.app */,
				2B1814AE1C8E8D84003A5F43 /* 16-03-08-(熔炼)-模态框ModelTests.xctest */,
				2B1814B91C8E8D84003A5F43 /* 16-03-08-(熔炼)-模态框ModelUITests.xctest */,
			);
			name = Products;
			sourceTree = "<group>";
		};
		2B1814941C8E8D84003A5F43 /* 16-03-08-(熔炼)-模态框Model */ = {
			isa = PBXGroup;
			children = (
				2B1814981C8E8D84003A5F43 /* AppDelegate.h */,
				2B1814991C8E8D84003A5F43 /* AppDelegate.m */,
				2B18149B1C8E8D84003A5F43 /* ViewController.h */,
				2B18149C1C8E8D84003A5F43 /* ViewController.m */,
				2B18149E1C8E8D84003A5F43 /* Main.storyboard */,
				2B1814A41C8E8D84003A5F43 /* Assets.xcassets */,
				2B1814A61C8E8D84003A5F43 /* LaunchScreen.storyboard */,
				2B1814A91C8E8D84003A5F43 /* Info.plist */,
				2B1814A11C8E8D84003A5F43 /* _6_03_08_________Model.xcdatamodeld */,
				2B1814951C8E8D84003A5F43 /* Supporting Files */,
				2B397CE71C8E8F920068C0C3 /* RegisterViewController.h */,
				2B397CE81C8E8F920068C0C3 /* RegisterViewController.m */,
			);
			path = "16-03-08-(熔炼)-模态框Model";
			sourceTree = "<group>";
		};
		2B1814951C8E8D84003A5F43 /* Supporting Files */ = {
			isa = PBXGroup;
			children = (
				2B1814961C8E8D84003A5F43 /* main.m */,
			);
			name = "Supporting Files";
			sourceTree = "<group>";
		};
		2B1814B11C8E8D84003A5F43 /* 16-03-08-(熔炼)-模态框ModelTests */ = {
			isa = PBXGroup;
			children = (
				2B1814B21C8E8D84003A5F43 /* _6_03_08_________ModelTests.m */,
				2B1814B41C8E8D84003A5F43 /* Info.plist */,
			);
			path = "16-03-08-(熔炼)-模态框ModelTests";
			sourceTree = "<group>";
		};
		2B1814BC1C8E8D84003A5F43 /* 16-03-08-(熔炼)-模态框ModelUITests */ = {
			isa = PBXGroup;
			children = (
				2B1814BD1C8E8D84003A5F43 /* _6_03_08_________ModelUITests.m */,
				2B1814BF1C8E8D84003A5F43 /* Info.plist */,
			);
			path = "16-03-08-(熔炼)-模态框ModelUITests";
			sourceTree = "<group>";
		};
/* End PBXGroup section */

/* Begin PBXNativeTarget section */
		2B1814911C8E8D84003A5F43 /* 16-03-08-(熔炼)-模态框Model */ = {
			isa = PBXNativeTarget;
			buildConfigurationList = 2B1814C21C8E8D84003A5F43 /* Build configuration list for PBXNativeTarget "16-03-08-(熔炼)-模态框Model" */;
			buildPhases = (
				2B18148E1C8E8D84003A5F43 /* Sources */,
				2B18148F1C8E8D84003A5F43 /* Frameworks */,
				2B1814901C8E8D84003A5F43 /* Resources */,
			);
			buildRules = (
			);
			dependencies = (
			);
			name = "16-03-08-(熔炼)-模态框Model";
			productName = "16-03-08-(熔炼)-模态框Model";
			productReference = 2B1814921C8E8D84003A5F43 /* 16-03-08-(熔炼)-模态框Model.app */;
			productType = "com.apple.product-type.application";
		};
		2B1814AD1C8E8D84003A5F43 /* 16-03-08-(熔炼)-模态框ModelTests */ = {
			isa = PBXNativeTarget;
			buildConfigurationList = 2B1814C51C8E8D84003A5F43 /* Build configuration list for PBXNativeTarget "16-03-08-(熔炼)-模态框ModelTests" */;
			buildPhases = (
				2B1814AA1C8E8D84003A5F43 /* Sources */,
				2B1814AB1C8E8D84003A5F43 /* Frameworks */,
				2B1814AC1C8E8D84003A5F43 /* Resources */,
			);
			buildRules = (
			);
			dependencies = (
				2B1814B01C8E8D84003A5F43 /* PBXTargetDependency */,
			);
			name = "16-03-08-(熔炼)-模态框ModelTests";
			productName = "16-03-08-(熔炼)-模态框ModelTests";
			productReference = 2B1814AE1C8E8D84003A5F43 /* 16-03-08-(熔炼)-模态框ModelTests.xctest */;
			productType = "com.apple.product-type.bundle.unit-test";
		};
		2B1814B81C8E8D84003A5F43 /* 16-03-08-(熔炼)-模态框ModelUITests */ = {
			isa = PBXNativeTarget;
			buildConfigurationList = 2B1814C81C8E8D84003A5F43 /* Build configuration list for PBXNativeTarget "16-03-08-(熔炼)-模态框ModelUITests" */;
			buildPhases = (
				2B1814B51C8E8D84003A5F43 /* Sources */,
				2B1814B61C8E8D84003A5F43 /* Frameworks */,
				2B1814B71C8E8D84003A5F43 /* Resources */,
			);
			buildRules = (
			);
			dependencies = (
				2B1814BB1C8E8D84003A5F43 /* PBXTargetDependency */,
			);
			name = "16-03-08-(熔炼)-模态框ModelUITests";
			productName = "16-03-08-(熔炼)-模态框ModelUITests";
			productReference = 2B1814B91C8E8D84003A5F43 /* 16-03-08-(熔炼)-模态框ModelUITests.xctest */;
			productType = "com.apple.product-type.bundle.ui-testing";
		};
/* End PBXNativeTarget section */

/* Begin PBXProject section */
		2B18148A1C8E8D84003A5F43 /* Project object */ = {
			isa = PBXProject;
			attributes = {
				LastUpgradeCheck = 0720;
				ORGANIZATIONNAME = man;
				TargetAttributes = {
					2B1814911C8E8D84003A5F43 = {
						CreatedOnToolsVersion = 7.2.1;
					};
					2B1814AD1C8E8D84003A5F43 = {
						CreatedOnToolsVersion = 7.2.1;
						TestTargetID = 2B1814911C8E8D84003A5F43;
					};
					2B1814B81C8E8D84003A5F43 = {
						CreatedOnToolsVersion = 7.2.1;
						TestTargetID = 2B1814911C8E8D84003A5F43;
					};
				};
			};
			buildConfigurationList = 2B18148D1C8E8D84003A5F43 /* Build configuration list for PBXProject "16-03-08-(熔炼)-模态框Model" */;
			compatibilityVersion = "Xcode 3.2";
			developmentRegion = English;
			hasScannedForEncodings = 0;
			knownRegions = (
				en,
				Base,
			);
			mainGroup = 2B1814891C8E8D84003A5F43;
			productRefGroup = 2B1814931C8E8D84003A5F43 /* Products */;
			projectDirPath = "";
			projectRoot = "";
			targets = (
				2B1814911C8E8D84003A5F43 /* 16-03-08-(熔炼)-模态框Model */,
				2B1814AD1C8E8D84003A5F43 /* 16-03-08-(熔炼)-模态框ModelTests */,
				2B1814B81C8E8D84003A5F43 /* 16-03-08-(熔炼)-模态框ModelUITests */,
			);
		};
/* End PBXProject section */

/* Begin PBXResourcesBuildPhase section */
		2B1814901C8E8D84003A5F43 /* Resources */ = {
			isa = PBXResourcesBuildPhase;
			buildActionMask = 2147483647;
			files = (
				2B1814A81C8E8D84003A5F43 /* LaunchScreen.storyboard in Resources */,
				2B1814A51C8E8D84003A5F43 /* Assets.xcassets in Resources */,
				2B1814A01C8E8D84003A5F43 /* Main.storyboard in Resources */,
			);
			runOnlyForDeploymentPostprocessing = 0;
		};
		2B1814AC1C8E8D84003A5F43 /* Resources */ = {
			isa = PBXResourcesBuildPhase;
			buildActionMask = 2147483647;
			files = (
			);
			runOnlyForDeploymentPostprocessing = 0;
		};
		2B1814B71C8E8D84003A5F43 /* Resources */ = {
			isa = PBXResourcesBuildPhase;
			buildActionMask = 2147483647;
			files = (
			);
			runOnlyForDeploymentPostprocessing = 0;
		};
/* End PBXResourcesBuildPhase section */

/* Begin PBXSourcesBuildPhase section */
		2B18148E1C8E8D84003A5F43 /* Sources */ = {
			isa = PBXSourcesBuildPhase;
			buildActionMask = 2147483647;
			files = (
				2B397CE91C8E8F920068C0C3 /* RegisterViewController.m in Sources */,
				2B18149D1C8E8D84003A5F43 /* ViewController.m in Sources */,
				2B1814A31C8E8D84003A5F43 /* _6_03_08_________Model.xcdatamodeld in Sources */,
				2B18149A1C8E8D84003A5F43 /* AppDelegate.m in Sources */,
				2B1814971C8E8D84003A5F43 /* main.m in Sources */,
			);
			runOnlyForDeploymentPostprocessing = 0;
		};
		2B1814AA1C8E8D84003A5F43 /* Sources */ = {
			isa = PBXSourcesBuildPhase;
			buildActionMask = 2147483647;
			files = (
				2B1814B31C8E8D84003A5F43 /* _6_03_08_________ModelTests.m in Sources */,
			);
			runOnlyForDeploymentPostprocessing = 0;
		};
		2B1814B51C8E8D84003A5F43 /* Sources */ = {
			isa = PBXSourcesBuildPhase;
			buildActionMask = 2147483647;
			files = (
				2B1814BE1C8E8D84003A5F43 /* _6_03_08_________ModelUITests.m in Sources */,
			);
			runOnlyForDeploymentPostprocessing = 0;
		};
/* End PBXSourcesBuildPhase section */

/* Begin PBXTargetDependency section */
		2B1814B01C8E8D84003A5F43 /* PBXTargetDependency */ = {
			isa = PBXTargetDependency;
			target = 2B1814911C8E8D84003A5F43 /* 16-03-08-(熔炼)-模态框Model */;
			targetProxy = 2B1814AF1C8E8D84003A5F43 /* PBXContainerItemProxy */;
		};
		2B1814BB1C8E8D84003A5F43 /* PBXTargetDependency */ = {
			isa = PBXTargetDependency;
			target = 2B1814911C8E8D84003A5F43 /* 16-03-08-(熔炼)-模态框Model */;
			targetProxy = 2B1814BA1C8E8D84003A5F43 /* PBXContainerItemProxy */;
		};
/* End PBXTargetDependency section */

/* Begin PBXVariantGroup section */
		2B18149E1C8E8D84003A5F43 /* Main.storyboard */ = {
			isa = PBXVariantGroup;
			children = (
				2B18149F1C8E8D84003A5F43 /* Base */,
			);
			name = Main.storyboard;
			sourceTree = "<group>";
		};
		2B1814A61C8E8D84003A5F43 /* LaunchScreen.storyboard */ = {
			isa = PBXVariantGroup;
			children = (
				2B1814A71C8E8D84003A5F43 /* Base */,
			);
			name = LaunchScreen.storyboard;
			sourceTree = "<group>";
		};
/* End PBXVariantGroup section */

/* Begin XCBuildConfiguration section */
		2B1814C01C8E8D84003A5F43 /* Debug */ = {
			isa = XCBuildConfiguration;
			buildSettings = {
				ALWAYS_SEARCH_USER_PATHS = NO;
				CLANG_CXX_LANGUAGE_STANDARD = "gnu++0x";
				CLANG_CXX_LIBRARY = "libc++";
				CLANG_ENABLE_MODULES = YES;
				CLANG_ENABLE_OBJC_ARC = YES;
				CLANG_WARN_BOOL_CONVERSION = YES;
				CLANG_WARN_CONSTANT_CONVERSION = YES;
				CLANG_WARN_DIRECT_OBJC_ISA_USAGE = YES_ERROR;
				CLANG_WARN_EMPTY_BODY = YES;
				CLANG_WARN_ENUM_CONVERSION = YES;
				CLANG_WARN_INT_CONVERSION = YES;
				CLANG_WARN_OBJC_ROOT_CLASS = YES_ERROR;
				CLANG_WARN_UNREACHABLE_CODE = YES;
				CLANG_WARN__DUPLICATE_METHOD_MATCH = YES;
				"CODE_SIGN_IDENTITY[sdk=iphoneos*]" = "iPhone Developer";
				COPY_PHASE_STRIP = NO;
				DEBUG_INFORMATION_FORMAT = dwarf;
				ENABLE_STRICT_OBJC_MSGSEND = YES;
				ENABLE_TESTABILITY = YES;
				GCC_C_LANGUAGE_STANDARD = gnu99;
				GCC_DYNAMIC_NO_PIC = NO;
				GCC_NO_COMMON_BLOCKS = YES;
				GCC_OPTIMIZATION_LEVEL = 0;
				GCC_PREPROCESSOR_DEFINITIONS = (
					"DEBUG=1",
					"$(inherited)",
				);
				GCC_WARN_64_TO_32_BIT_CONVERSION = YES;
				GCC_WARN_ABOUT_RETURN_TYPE = YES_ERROR;
				GCC_WARN_UNDECLARED_SELECTOR = YES;
				GCC_WARN_UNINITIALIZED_AUTOS = YES_AGGRESSIVE;
				GCC_WARN_UNUSED_FUNCTION = YES;
				GCC_WARN_UNUSED_VARIABLE = YES;
				IPHONEOS_DEPLOYMENT_TARGET = 9.2;
				MTL_ENABLE_DEBUG_INFO = YES;
				ONLY_ACTIVE_ARCH = YES;
				SDKROOT = iphoneos;
				TARGETED_DEVICE_FAMILY = "1,2";
			};
			name = Debug;
		};
		2B1814C11C8E8D84003A5F43 /* Release */ = {
			isa = XCBuildConfiguration;
			buildSettings = {
				ALWAYS_SEARCH_USER_PATHS = NO;
				CLANG_CXX_LANGUAGE_STANDARD = "gnu++0x";
				CLANG_CXX_LIBRARY = "libc++";
				CLANG_ENABLE_MODULES = YES;
				CLANG_ENABLE_OBJC_ARC = YES;
				CLANG_WARN_BOOL_CONVERSION = YES;
				CLANG_WARN_CONSTANT_CONVERSION = YES;
				CLANG_WARN_DIRECT_OBJC_ISA_USAGE = YES_ERROR;
				CLANG_WARN_EMPTY_BODY = YES;
				CLANG_WARN_ENUM_CONVERSION = YES;
				CLANG_WARN_INT_CONVERSION = YES;
				CLANG_WARN_OBJC_ROOT_CLASS = YES_ERROR;
				CLANG_WARN_UNREACHABLE_CODE = YES;
				CLANG_WARN__DUPLICATE_METHOD_MATCH = YES;
				"CODE_SIGN_IDENTITY[sdk=iphoneos*]" = "iPhone Developer";
				COPY_PHASE_STRIP = NO;
				DEBUG_INFORMATION_FORMAT = "dwarf-with-dsym";
				ENABLE_NS_ASSERTIONS = NO;
				ENABLE_STRICT_OBJC_MSGSEND = YES;
				GCC_C_LANGUAGE_STANDARD = gnu99;
				GCC_NO_COMMON_BLOCKS = YES;
				GCC_WARN_64_TO_32_BIT_CONVERSION = YES;
				GCC_WARN_ABOUT_RETURN_TYPE = YES_ERROR;
				GCC_WARN_UNDECLARED_SELECTOR = YES;
				GCC_WARN_UNINITIALIZED_AUTOS = YES_AGGRESSIVE;
				GCC_WARN_UNUSED_FUNCTION = YES;
				GCC_WARN_UNUSED_VARIABLE = YES;
				IPHONEOS_DEPLOYMENT_TARGET = 9.2;
				MTL_ENABLE_DEBUG_INFO = NO;
				SDKROOT = iphoneos;
				TARGETED_DEVICE_FAMILY = "1,2";
				VALIDATE_PRODUCT = YES;
			};
			name = Release;
		};
		2B1814C31C8E8D84003A5F43 /* Debug */ = {
			isa = XCBuildConfiguration;
			buildSettings = {
				ASSETCATALOG_COMPILER_APPICON_NAME = AppIcon;
				INFOPLIST_FILE = "16-03-08-(熔炼)-模态框Model/Info.plist";
				LD_RUNPATH_SEARCH_PATHS = "$(inherited) @executable_path/Frameworks";
				PRODUCT_BUNDLE_IDENTIFIER = "com.cdmq.-6-03-08---------Model";
				PRODUCT_NAME = "$(TARGET_NAME)";
			};
			name = Debug;
		};
		2B1814C41C8E8D84003A5F43 /* Release */ = {
			isa = XCBuildConfiguration;
			buildSettings = {
				ASSETCATALOG_COMPILER_APPICON_NAME = AppIcon;
				INFOPLIST_FILE = "16-03-08-(熔炼)-模态框Model/Info.plist";
				LD_RUNPATH_SEARCH_PATHS = "$(inherited) @executable_path/Frameworks";
				PRODUCT_BUNDLE_IDENTIFIER = "com.cdmq.-6-03-08---------Model";
				PRODUCT_NAME = "$(TARGET_NAME)";
			};
			name = Release;
		};
		2B1814C61C8E8D84003A5F43 /* Debug */ = {
			isa = XCBuildConfiguration;
			buildSettings = {
				BUNDLE_LOADER = "$(TEST_HOST)";
				INFOPLIST_FILE = "16-03-08-(熔炼)-模态框ModelTests/Info.plist";
				LD_RUNPATH_SEARCH_PATHS = "$(inherited) @executable_path/Frameworks @loader_path/Frameworks";
				PRODUCT_BUNDLE_IDENTIFIER = "com.cdmq.-6-03-08---------ModelTests";
				PRODUCT_NAME = "$(TARGET_NAME)";
				TEST_HOST = "$(BUILT_PRODUCTS_DIR)/16-03-08-(熔炼)-模态框Model.app/16-03-08-(熔炼)-模态框Model";
			};
			name = Debug;
		};
		2B1814C71C8E8D84003A5F43 /* Release */ = {
			isa = XCBuildConfiguration;
			buildSettings = {
				BUNDLE_LOADER = "$(TEST_HOST)";
				INFOPLIST_FILE = "16-03-08-(熔炼)-模态框ModelTests/Info.plist";
				LD_RUNPATH_SEARCH_PATHS = "$(inherited) @executable_path/Frameworks @loader_path/Frameworks";
				PRODUCT_BUNDLE_IDENTIFIER = "com.cdmq.-6-03-08---------ModelTests";
				PRODUCT_NAME = "$(TARGET_NAME)";
				TEST_HOST = "$(BUILT_PRODUCTS_DIR)/16-03-08-(熔炼)-模态框Model.app/16-03-08-(熔炼)-模态框Model";
			};
			name = Release;
		};
		2B1814C91C8E8D84003A5F43 /* Debug */ = {
			isa = XCBuildConfiguration;
			buildSettings = {
				INFOPLIST_FILE = "16-03-08-(熔炼)-模态框ModelUITests/Info.plist";
				LD_RUNPATH_SEARCH_PATHS = "$(inherited) @executable_path/Frameworks @loader_path/Frameworks";
				PRODUCT_BUNDLE_IDENTIFIER = "com.cdmq.-6-03-08---------ModelUITests";
				PRODUCT_NAME = "$(TARGET_NAME)";
				TEST_TARGET_NAME = "16-03-08-(熔炼)-模态框Model";
				USES_XCTRUNNER = YES;
			};
			name = Debug;
		};
		2B1814CA1C8E8D84003A5F43 /* Release */ = {
			isa = XCBuildConfiguration;
			buildSettings = {
				INFOPLIST_FILE = "16-03-08-(熔炼)-模态框ModelUITests/Info.plist";
				LD_RUNPATH_SEARCH_PATHS = "$(inherited) @executable_path/Frameworks @loader_path/Frameworks";
				PRODUCT_BUNDLE_IDENTIFIER = "com.cdmq.-6-03-08---------ModelUITests";
				PRODUCT_NAME = "$(TARGET_NAME)";
				TEST_TARGET_NAME = "16-03-08-(熔炼)-模态框Model";
				USES_XCTRUNNER = YES;
			};
			name = Release;
		};
/* End XCBuildConfiguration section */

/* Begin XCConfigurationList section */
		2B18148D1C8E8D84003A5F43 /* Build configuration list for PBXProject "16-03-08-(熔炼)-模态框Model" */ = {
			isa = XCConfigurationList;
			buildConfigurations = (
				2B1814C01C8E8D84003A5F43 /* Debug */,
				2B1814C11C8E8D84003A5F43 /* Release */,
			);
			defaultConfigurationIsVisible = 0;
			defaultConfigurationName = Release;
		};
		2B1814C21C8E8D84003A5F43 /* Build configuration list for PBXNativeTarget "16-03-08-(熔炼)-模态框Model" */ = {
			isa = XCConfigurationList;
			buildConfigurations = (
				2B1814C31C8E8D84003A5F43 /* Debug */,
				2B1814C41C8E8D84003A5F43 /* Release */,
			);
			defaultConfigurationIsVisible = 0;
			defaultConfigurationName = Release;
		};
		2B1814C51C8E8D84003A5F43 /* Build configuration list for PBXNativeTarget "16-03-08-(熔炼)-模态框ModelTests" */ = {
			isa = XCConfigurationList;
			buildConfigurations = (
				2B1814C61C8E8D84003A5F43 /* Debug */,
				2B1814C71C8E8D84003A5F43 /* Release */,
			);
			defaultConfigurationIsVisible = 0;
			defaultConfigurationName = Release;
		};
		2B1814C81C8E8D84003A5F43 /* Build configuration list for PBXNativeTarget "16-03-08-(熔炼)-模态框ModelUITests" */ = {
			isa = XCConfigurationList;
			buildConfigurations = (
				2B1814C91C8E8D84003A5F43 /* Debug */,
				2B1814CA1C8E8D84003A5F43 /* Release */,
			);
			defaultConfigurationIsVisible = 0;
			defaultConfigurationName = Release;
		};
/* End XCConfigurationList section */

/* Begin XCVersionGroup section */
		2B1814A11C8E8D84003A5F43 /* _6_03_08_________Model.xcdatamodeld */ = {
			isa = XCVersionGroup;
			children = (
				2B1814A21C8E8D84003A5F43 /* _6_03_08_________Model.xcdatamodel */,
			);
			currentVersion = 2B1814A21C8E8D84003A5F43 /* _6_03_08_________Model.xcdatamodel */;
			path = "_6_03_08_________Model.xcdatamodeld";
			sourceTree = "<group>";
			versionGroupType = wrapper.xcdatamodel;
		};
/* End XCVersionGroup section */
	};
	rootObject = 2B18148A1C8E8D84003A5F43 /* Project object */;
}
